// !$*UTF8*$!
{
	archiveVersion = 1;
	classes = {
	};
	objectVersion = 51;
	objects = {

/* Begin PBXBuildFile section */
		00E3557767330928BE22C5A3 /* CollectionSelectablePlugin.swift in Sources */ = {isa = PBXBuildFile; fileRef = BABBD4B4A55A90262F26FF77 /* CollectionSelectablePlugin.swift */; };
		01928B904277BA3B44EEFAF2 /* UIKit.framework in Frameworks */ = {isa = PBXBuildFile; fileRef = 02E8001091BE7A1E8E249055 /* UIKit.framework */; };
		07CC3F8BD002B1FE2BBB6B08 /* BaseCollectionDelegate.swift in Sources */ = {isa = PBXBuildFile; fileRef = 26F6F9A2A56B3F28D0783100 /* BaseCollectionDelegate.swift */; };
		08657F3120DDD8624F1C8DCB /* TableSwipeActionsConfigurationPlugin.swift in Sources */ = {isa = PBXBuildFile; fileRef = 30DA738CB021B7A0E8C2509F /* TableSwipeActionsConfigurationPlugin.swift */; };
		08E41AC400091B120C765642 /* TableSelectablePlugin.swift in Sources */ = {isa = PBXBuildFile; fileRef = 112A6DAE64ABE80C651AF8FE /* TableSelectablePlugin.swift */; };
		0C98FF2CC066D038AB89C682 /* BaseTableDataDisplayManager.swift in Sources */ = {isa = PBXBuildFile; fileRef = D1FB9215088995869307E564 /* BaseTableDataDisplayManager.swift */; };
		0F3B6C759BE4F325E868E153 /* TablePrefetchProxyPlugin.swift in Sources */ = {isa = PBXBuildFile; fileRef = A9CD1CACD13CDEB698783D70 /* TablePrefetchProxyPlugin.swift */; };
		10146560C685F3BE55469411 /* BaseCellGenerator.swift in Sources */ = {isa = PBXBuildFile; fileRef = 03A6EA1E2F89BE306DE9B66E /* BaseCellGenerator.swift */; };
		107F9BEFD2BDBC1F460C0D1F /* CalculatableWidthCollectionCellGenerator.swift in Sources */ = {isa = PBXBuildFile; fileRef = C5B2F13AB2F69D46CA6018C6 /* CalculatableWidthCollectionCellGenerator.swift */; };
		11E681DDE62FAF7CE0723082 /* TableFoldablePlugin.swift in Sources */ = {isa = PBXBuildFile; fileRef = B2FAB1123093F8FC603A7C73 /* TableFoldablePlugin.swift */; };
		148917D940FA8E71AAAD905F /* TableDirectionScrollablePlugin.swift in Sources */ = {isa = PBXBuildFile; fileRef = B1A898429571601D38BE9426 /* TableDirectionScrollablePlugin.swift */; };
		1521FB6D3B75EE3CB51E8228 /* CalculatableHeightCollectionCellGenerator.swift in Sources */ = {isa = PBXBuildFile; fileRef = DFAA3AC3EADDFDDDEE0D460A /* CalculatableHeightCollectionCellGenerator.swift */; };
		15998A73DB0CDABB7D577780 /* BaseCollectionCellGenerator.swift in Sources */ = {isa = PBXBuildFile; fileRef = 7868DD732F641D23BDE034B5 /* BaseCollectionCellGenerator.swift */; };
		15B471F82E3425E6D3AA0592 /* TableGeneratorsProvider.swift in Sources */ = {isa = PBXBuildFile; fileRef = 267336748FEC9B13DC54BBD7 /* TableGeneratorsProvider.swift */; };
		177131A07EC95DA36F8A4D9F /* FooterDataDisplayManager.swift in Sources */ = {isa = PBXBuildFile; fileRef = EED2851D46C8C2DE1BCC0AE9 /* FooterDataDisplayManager.swift */; };
		17E2EA49884D7B208FDE29A3 /* EmptyCollectionFooterGenarator.swift in Sources */ = {isa = PBXBuildFile; fileRef = 1F708DAB36776815E30AA345 /* EmptyCollectionFooterGenarator.swift */; };
		1DA12CCCF34A78081E4492BC /* BaseCollectionDataDisplayManager.swift in Sources */ = {isa = PBXBuildFile; fileRef = AF9224C303D8FFD0DEAB39C8 /* BaseCollectionDataDisplayManager.swift */; };
		1DE4647FDE75BDDB83031187 /* CalculatableSize.swift in Sources */ = {isa = PBXBuildFile; fileRef = E88EAF1AAEC0FAEFC123AC9F /* CalculatableSize.swift */; };
		216FBA0F3212AA0AA688BBC6 /* CollectionScrollProvider.swift in Sources */ = {isa = PBXBuildFile; fileRef = 4C362D121AAFB2B2261B67F6 /* CollectionScrollProvider.swift */; };
		2655E8A4C5268BE8E36F5437 /* CollectionDelegate.swift in Sources */ = {isa = PBXBuildFile; fileRef = 8FFD609DE049DF7849026EF9 /* CollectionDelegate.swift */; };
		288F07B941A06B6B7C63E134 /* BaseStackDataDisplatManagerTests.swift in Sources */ = {isa = PBXBuildFile; fileRef = 9A823B265B4A6141BCD38940 /* BaseStackDataDisplatManagerTests.swift */; };
		2931BF6F2246A364C86D4EB7 /* TableUpdatesAnimator.swift in Sources */ = {isa = PBXBuildFile; fileRef = 03D07200328A3CE252AF95E3 /* TableUpdatesAnimator.swift */; };
		2F0D8711922B0334D439AA62 /* HeaderDataDisplayManager.swift in Sources */ = {isa = PBXBuildFile; fileRef = ACA5F6205128979985986C33 /* HeaderDataDisplayManager.swift */; };
		336DE4BC033666190034BF8E /* BaseCollectionDataSource.swift in Sources */ = {isa = PBXBuildFile; fileRef = A2792DD250BD0AD76291D0DE /* BaseCollectionDataSource.swift */; };
		370B991BB57E54E087536652 /* CollectionSelectedItemScrollablePlugin.swift in Sources */ = {isa = PBXBuildFile; fileRef = 2794A72D03CC34EAB636D15E /* CollectionSelectedItemScrollablePlugin.swift */; };
		39F6E30106CFA904CE8A79B4 /* TableBatchUpdatesAnimator.swift in Sources */ = {isa = PBXBuildFile; fileRef = 6ED2FBE3C9A43D8D378B429E /* TableBatchUpdatesAnimator.swift */; };
		3A8044121A12E00819D46B86 /* FatalErrorUtil.swift in Sources */ = {isa = PBXBuildFile; fileRef = 10414AD3BB6CC073ACF45D67 /* FatalErrorUtil.swift */; };
		3C228962FABC9D81F511EED9 /* CollectionBatchUpdatesAnimator.swift in Sources */ = {isa = PBXBuildFile; fileRef = 6E37550AE29A4D304F333F31 /* CollectionBatchUpdatesAnimator.swift */; };
		3D16BCC4DCD30927F8C22645 /* SizableItem.swift in Sources */ = {isa = PBXBuildFile; fileRef = 517FE317E96300002EBB05AD /* SizableItem.swift */; };
		3F1AB9CCCE821EBFC64CAA7A /* CalculatableSizeItem.swift in Sources */ = {isa = PBXBuildFile; fileRef = 22EEE38A919848A7A3E80DAA /* CalculatableSizeItem.swift */; };
		3FE7DA86CFB79522CCEF78AB /* TableScrollViewDelegateProxyPlugin.swift in Sources */ = {isa = PBXBuildFile; fileRef = 0ADCE2485E48EE861B37093D /* TableScrollViewDelegateProxyPlugin.swift */; };
		44B55FCFA7BDECA79BBC73D7 /* TableFeaturePlugin.swift in Sources */ = {isa = PBXBuildFile; fileRef = DA7F6332086B6ECB83C4C23C /* TableFeaturePlugin.swift */; };
		455A4D7ED32B0F6CFD13AE1B /* BaseCollectionDataDisplayManagerTests.swift in Sources */ = {isa = PBXBuildFile; fileRef = 9F452071C5A1D68B45B83404 /* BaseCollectionDataDisplayManagerTests.swift */; };
		473F240A8561A992773D4E4F /* DataDisplayConstructable.swift in Sources */ = {isa = PBXBuildFile; fileRef = 89334609871345A55CE0BF9F /* DataDisplayConstructable.swift */; };
		479A106D31C854760CB42270 /* TableDataSource.swift in Sources */ = {isa = PBXBuildFile; fileRef = 895FDF47F9A685CB797DA179 /* TableDataSource.swift */; };
		4D0710A517FFF14F8AFD5F96 /* PaginableBaseTableDataDisplayManager.swift in Sources */ = {isa = PBXBuildFile; fileRef = B20E3C539215ACF652ADDF69 /* PaginableBaseTableDataDisplayManager.swift */; };
		4D8F9656B8B67A05C12C9CA2 /* Operations.swift in Sources */ = {isa = PBXBuildFile; fileRef = 308A9901D886B665BFCDF5EC /* Operations.swift */; };
		4E63F095068C49860EB8055B /* CellRegisterType.swift in Sources */ = {isa = PBXBuildFile; fileRef = 0CBF24B34CD888E8A96CCD4A /* CellRegisterType.swift */; };
		51E90E8E5003B40A5D63D306 /* TableMovable.swift in Sources */ = {isa = PBXBuildFile; fileRef = 81A3039B0AEA3B69AE6AD5EF /* TableMovable.swift */; };
		52D10FDF9249067BA0E2497A /* EmptyHeaderGenerator.swift in Sources */ = {isa = PBXBuildFile; fileRef = 0E965F4A7510CB696F55534C /* EmptyHeaderGenerator.swift */; };
		53B5694E1A1F94093655213C /* FeaturePlugin.swift in Sources */ = {isa = PBXBuildFile; fileRef = 23FDB877F58BA9108A95703B /* FeaturePlugin.swift */; };
		54B6D654FA3F8EC77CDF53F5 /* XCTestCase+FatalError.swift in Sources */ = {isa = PBXBuildFile; fileRef = BC4327BAC235A817BDDB8C2D /* XCTestCase+FatalError.swift */; };
		54CD0F9370ECF6AF99F9FB8E /* CollectionEvent.swift in Sources */ = {isa = PBXBuildFile; fileRef = 034FA2CCDBA7927D252ADF98 /* CollectionEvent.swift */; };
		54F4AFFF1EEFD0E2FDECAFB7 /* CollectionPrefetcherablePlugin.swift in Sources */ = {isa = PBXBuildFile; fileRef = 00397F6B4902B37843C8C0CF /* CollectionPrefetcherablePlugin.swift */; };
		57409FB4C0BE160196B90F55 /* BaseCollectionManager.swift in Sources */ = {isa = PBXBuildFile; fileRef = A027B8496C59C5A73D990C54 /* BaseCollectionManager.swift */; };
		5788B141230FE3165D18E375 /* FoldingTableDataDisplayManager.swift in Sources */ = {isa = PBXBuildFile; fileRef = 486F67AEE82355D88833995D /* FoldingTableDataDisplayManager.swift */; };
		57C6EB206300AE1288A1C5EB /* ExtendableBaseTableDataDisplayManager.swift in Sources */ = {isa = PBXBuildFile; fileRef = 3B76826CF24995B55F8FB4D7 /* ExtendableBaseTableDataDisplayManager.swift */; };
		5801441139C90CD4830EAD87 /* DataDisplayCompatible.swift in Sources */ = {isa = PBXBuildFile; fileRef = 8DEF2D4A316627A53C0450D5 /* DataDisplayCompatible.swift */; };
		5AA184E6F716FFAC05B0672E /* Event.swift in Sources */ = {isa = PBXBuildFile; fileRef = 9373CF21992ACAF75BED6839 /* Event.swift */; };
		5B750F268BCC50F4606FB6E2 /* Animator.swift in Sources */ = {isa = PBXBuildFile; fileRef = 247D90B27F7B0F9C62593597 /* Animator.swift */; };
		60A2304838070F80479104C6 /* ManualTableManager.swift in Sources */ = {isa = PBXBuildFile; fileRef = A3C6EACAA6CEAC3E52EF7D28 /* ManualTableManager.swift */; };
		6260E859BC341AA7959EFAEC /* ConfigurableItem.swift in Sources */ = {isa = PBXBuildFile; fileRef = 9BC8419F5D33C0C4FDEF350F /* ConfigurableItem.swift */; };
		67347735ABC58AF98CE6EB27 /* EmptyGravityTableHeaderGenerator.swift in Sources */ = {isa = PBXBuildFile; fileRef = 96E7A3AF9B24D4A46012EC1E /* EmptyGravityTableHeaderGenerator.swift */; };
		6EF53F33C987456049F79C67 /* MovableItem.swift in Sources */ = {isa = PBXBuildFile; fileRef = 5D412694D2BF33F0DE836632 /* MovableItem.swift */; };
		712015D728FC66BDD5281431 /* TableSectionTitleWrapper.swift in Sources */ = {isa = PBXBuildFile; fileRef = 2307435F0DC60B24C27FB487 /* TableSectionTitleWrapper.swift */; };
		71237DF5D6DFC8E7678CD4F7 /* TableSwipeActionsConfigurable.swift in Sources */ = {isa = PBXBuildFile; fileRef = E4F4B80C0096B8135E10035A /* TableSwipeActionsConfigurable.swift */; };
		7A1031F2412D7BAB494B9F0A /* GravityFoldingTableDataDisplayManager.swift in Sources */ = {isa = PBXBuildFile; fileRef = 8CBB5281A4462F4F16CCB639 /* GravityFoldingTableDataDisplayManager.swift */; };
		7C6D1AE1BD6E0BD8E9F55711 /* DataDisplayManager.swift in Sources */ = {isa = PBXBuildFile; fileRef = BF985C28885BA3186E11CCF6 /* DataDisplayManager.swift */; };
		7D43B750656874B7DEFECDAF /* BaseTableManager.swift in Sources */ = {isa = PBXBuildFile; fileRef = E67308D9FF3FE20C4B2B3320 /* BaseTableManager.swift */; };
		7E49C8EE7810D8994607C8EF /* Table+RDDM.swift in Sources */ = {isa = PBXBuildFile; fileRef = FA661F128A63651DD962E517 /* Table+RDDM.swift */; };
		7F8E8D584180BEAF85856750 /* Stack+RDDM.swift in Sources */ = {isa = PBXBuildFile; fileRef = 8AB15049C3CF350EB527C810 /* Stack+RDDM.swift */; };
		84709AA6C65ECD096BD54091 /* TableSwipeActionsConfiguration.swift in Sources */ = {isa = PBXBuildFile; fileRef = 9308B5489FC8B98779351C0C /* TableSwipeActionsConfiguration.swift */; };
		84DB704A3FD2A4A9D7511380 /* CollectionDataSource.swift in Sources */ = {isa = PBXBuildFile; fileRef = 959B54D69AC809B56939827F /* CollectionDataSource.swift */; };
		854ED854883E4FAF7F5DD3BB /* CollectionFoldablePlugin.swift in Sources */ = {isa = PBXBuildFile; fileRef = B0FDD0183B40DE47CC4E585D /* CollectionFoldablePlugin.swift */; };
		85DC22B85697439572F59D27 /* TablePrefetcherablePlugin.swift in Sources */ = {isa = PBXBuildFile; fileRef = DA6787E3869C457FD98495F6 /* TablePrefetcherablePlugin.swift */; };
		888D38F011DBA600FCC5B929 /* CollectionScrollablePlugin.swift in Sources */ = {isa = PBXBuildFile; fileRef = D1078B9C07791E5D5E7C3557 /* CollectionScrollablePlugin.swift */; };
		890C96D8A0CA99A24FD26598 /* PrefetcherableItem.swift in Sources */ = {isa = PBXBuildFile; fileRef = ACFCDDC83A1CEA96AF0DC405 /* PrefetcherableItem.swift */; };
		897EDA95D082956A0192BD1D /* BaseTableDataDisplayManagerTests.swift in Sources */ = {isa = PBXBuildFile; fileRef = FE4780CE6E353D105654A9F7 /* BaseTableDataDisplayManagerTests.swift */; };
		8B8609450D2AC65161AE50C3 /* CollectionFoldableItem.swift in Sources */ = {isa = PBXBuildFile; fileRef = 6C3A6E775D0C43FBA9270912 /* CollectionFoldableItem.swift */; };
		8C8034F35955722C45A5A306 /* Extensions.swift in Sources */ = {isa = PBXBuildFile; fileRef = F1A91FB41BF3B0B8A2979694 /* Extensions.swift */; };
		8CAD90E3813ECB5974663559 /* ReactiveDataDisplayManager.framework in Frameworks */ = {isa = PBXBuildFile; fileRef = 60EE49AED3D5DED8A60F7B2A /* ReactiveDataDisplayManager.framework */; };
		8E440B53FAB2693EA0203B97 /* BaseStackManager.swift in Sources */ = {isa = PBXBuildFile; fileRef = 9E2CD82AA51C05BEC0EF2C05 /* BaseStackManager.swift */; };
		8F0C720EDBAC0F39644AA419 /* PluginCollection.swift in Sources */ = {isa = PBXBuildFile; fileRef = C6952714883F855F60246E0F /* PluginCollection.swift */; };
		9172F88EDE4F4D043925F251 /* Protocols.swift in Sources */ = {isa = PBXBuildFile; fileRef = 0590563F4A37FBA747785B1F /* Protocols.swift */; };
		93CD06A08811ED18ACF5FCDE /* DisplayableItem.swift in Sources */ = {isa = PBXBuildFile; fileRef = DED8CF6540B9EC7F1C1A3C00 /* DisplayableItem.swift */; };
		94E00AC09C4EC04662571184 /* SizableCollectionCellGenerator.swift in Sources */ = {isa = PBXBuildFile; fileRef = AC8C175D2A03DC50EEBA23F9 /* SizableCollectionCellGenerator.swift */; };
		983B3F65C82A5F65571F97A1 /* TableSectionTitleDisplayable.swift in Sources */ = {isa = PBXBuildFile; fileRef = 0C48810544E83BFE430D8C0D /* TableSectionTitleDisplayable.swift */; };
		98DA43B6D99609DFA73A0DD3 /* TableDisplayablePlugin.swift in Sources */ = {isa = PBXBuildFile; fileRef = AA859843146956480E304969 /* TableDisplayablePlugin.swift */; };
		9A122701315F347B104D6A7C /* CollectionGeneratorsProvider.swift in Sources */ = {isa = PBXBuildFile; fileRef = 213AB51621FA947C024D1FCB /* CollectionGeneratorsProvider.swift */; };
		9D1CC0579D8B599C64626E53 /* CollectionItemTitleDisplayablePlugin.swift in Sources */ = {isa = PBXBuildFile; fileRef = C118AECA54AA3D2FF2F454B6 /* CollectionItemTitleDisplayablePlugin.swift */; };
		9D5A8DFA46F07D8527311781 /* BaseTablePlugin.swift in Sources */ = {isa = PBXBuildFile; fileRef = 8AFDAB29149AE02696D58290 /* BaseTablePlugin.swift */; };
		A5F996E56F2C979974C94AE6 /* BaseTableDataSource.swift in Sources */ = {isa = PBXBuildFile; fileRef = EDD883BF885218E2B74454DA /* BaseTableDataSource.swift */; };
		A7449DB8ED711ACD6C9520A3 /* Plugin.swift in Sources */ = {isa = PBXBuildFile; fileRef = 8904D861431FFD684F25C28B /* Plugin.swift */; };
		A97EAA39DB85ACD732EED524 /* CollectionCell+RDDM.swift in Sources */ = {isa = PBXBuildFile; fileRef = 410949C3D4F4209B9D2EE842 /* CollectionCell+RDDM.swift */; };
		AB2D989745D4C0200C33178B /* CalculatableHeightCellGenerator.swift in Sources */ = {isa = PBXBuildFile; fileRef = 77013DC1BBAE41AF27D29BE5 /* CalculatableHeightCellGenerator.swift */; };
		B096ED89E22B685EA455ED88 /* BaseNonReusableCellGenerator.swift in Sources */ = {isa = PBXBuildFile; fileRef = E1829C65A2A0CD0F83C65C18 /* BaseNonReusableCellGenerator.swift */; };
		B104C531FD3F87C4B0297367 /* FoldableItem.swift in Sources */ = {isa = PBXBuildFile; fileRef = C89101ED16FEE7833A0BA045 /* FoldableItem.swift */; };
		B2D04A0AE3C10B8D940FA6D5 /* SizableCollectionDataDisplayManager.swift in Sources */ = {isa = PBXBuildFile; fileRef = A955504B2B31B7C47938B703 /* SizableCollectionDataDisplayManager.swift */; };
		BA741F0BD1A0471CA1FD268A /* CollectionPaginatablePlugin.swift in Sources */ = {isa = PBXBuildFile; fileRef = 46E8EFB3C6BAD3AB65C99A4E /* CollectionPaginatablePlugin.swift */; };
		BD71FA3E8FB6C8B6779FD0B1 /* TableDelegate.swift in Sources */ = {isa = PBXBuildFile; fileRef = 8384E7A5B028DF512E2960F8 /* TableDelegate.swift */; };
		C0A7AA0F05C3FCA4AF66B7A7 /* TableLastCellIsVisiblePlugin.swift in Sources */ = {isa = PBXBuildFile; fileRef = 3D1D7957D74E5BBAFF9F274F /* TableLastCellIsVisiblePlugin.swift */; };
		C0B4988579269BA01EDD4F1C /* Gravity.swift in Sources */ = {isa = PBXBuildFile; fileRef = 75FAEA50A690136FA8CC707C /* Gravity.swift */; };
		CA6B1370A232DE85F0DCB605 /* ReactiveDataDisplayManager.framework in Embed Frameworks */ = {isa = PBXBuildFile; fileRef = 60EE49AED3D5DED8A60F7B2A /* ReactiveDataDisplayManager.framework */; settings = {ATTRIBUTES = (CodeSignOnCopy, RemoveHeadersOnCopy, ); }; };
		CAB7C6D1F1CD9E414FD92E16 /* CollectionFeaturePlugin.swift in Sources */ = {isa = PBXBuildFile; fileRef = 2B75A7020583C7DAAFE5D73E /* CollectionFeaturePlugin.swift */; };
		CAF183465A2DD9020CBFE640 /* CollectionItemTitleDisplayable.swift in Sources */ = {isa = PBXBuildFile; fileRef = 80201602B1344E3E17DD068C /* CollectionItemTitleDisplayable.swift */; };
		CCB9DF666CABF66149DA23C9 /* PrefetchEvent.swift in Sources */ = {isa = PBXBuildFile; fileRef = A6240F096FE4C04570FA9FDC /* PrefetchEvent.swift */; };
		CE988B528F1575967A3D7DB0 /* TableRefreshablePlugin.swift in Sources */ = {isa = PBXBuildFile; fileRef = 93F736AEB62C4B877AFEF0E0 /* TableRefreshablePlugin.swift */; };
		CFF2ED08FC149974277511E9 /* ScrollDirection.swift in Sources */ = {isa = PBXBuildFile; fileRef = 8EB5399A085AABE654E8B23C /* ScrollDirection.swift */; };
		D28512D11261B60A2F68DC87 /* CollectionPrefetchProxyPlugin.swift in Sources */ = {isa = PBXBuildFile; fileRef = 826F9DC6C9260E6B78AD6D92 /* CollectionPrefetchProxyPlugin.swift */; };
		D4777CA66843B8AB651E3E28 /* TableSectionTitleDisplayablePlugin.swift in Sources */ = {isa = PBXBuildFile; fileRef = B1AC3157C4EFDBBD0A6F07CF /* TableSectionTitleDisplayablePlugin.swift */; };
		D65B99A6E8E51241C5CED9EB /* Collection+RDDM.swift in Sources */ = {isa = PBXBuildFile; fileRef = 115F07B5ECCE540AFFEE5356 /* Collection+RDDM.swift */; };
		D7DB42F0D7D5B0F97662EFE7 /* TablePaginatablePlugin.swift in Sources */ = {isa = PBXBuildFile; fileRef = C56744B3951EE4E2938C1595 /* TablePaginatablePlugin.swift */; };
		D8153A20FC05BE3288EF0AA3 /* GravityTableDataDisplayManager.swift in Sources */ = {isa = PBXBuildFile; fileRef = 59615B0AE9A9444EDFEF8BF3 /* GravityTableDataDisplayManager.swift */; };
		D874A2861FFF5A5415A35776 /* BaseTableDelegate.swift in Sources */ = {isa = PBXBuildFile; fileRef = D99B746E73F4495B4C98E04A /* BaseTableDelegate.swift */; };
		D993F72350D5FBCF35CDDC29 /* TableCell+RDDM.swift in Sources */ = {isa = PBXBuildFile; fileRef = F3A0723C41A0762651E035DA /* TableCell+RDDM.swift */; };
		DB3D7847CFF3AED602A98C59 /* DeletableItem.swift in Sources */ = {isa = PBXBuildFile; fileRef = 9DEFF95D7ADF882F5D7ABAD8 /* DeletableItem.swift */; };
		DBBB266AF496D2AC36703D57 /* EmptyCollectionHeaderGenerator.swift in Sources */ = {isa = PBXBuildFile; fileRef = 2D47D3A7F186E835B7A29DF9 /* EmptyCollectionHeaderGenerator.swift */; };
		DD5AB62C237C40A433ED9FEA /* SwipeableItem.swift in Sources */ = {isa = PBXBuildFile; fileRef = F2B8C75E9350423CACD842F7 /* SwipeableItem.swift */; };
		E0D8D3C49F927220C73338DA /* BaseCollectionPlugin.swift in Sources */ = {isa = PBXBuildFile; fileRef = E57A893DBE88E29AC39E73F6 /* BaseCollectionPlugin.swift */; };
		E1897C928A95EEAF1DE1EEC9 /* CalculatableHeightNonReusableCellGenerator.swift in Sources */ = {isa = PBXBuildFile; fileRef = F3115B84BF86897DBA5F43A9 /* CalculatableHeightNonReusableCellGenerator.swift */; };
		E1DB2FD785CCE2D58B577B14 /* FoldingTableDataDisplayManagerTests.swift in Sources */ = {isa = PBXBuildFile; fileRef = 562A6BEF4D914F5C22954D8C /* FoldingTableDataDisplayManagerTests.swift */; };
		E2EBFC06CD3B3C99D1777407 /* DataDisplayWrapper.swift in Sources */ = {isa = PBXBuildFile; fileRef = EC629FD45C669EA77E7008E2 /* DataDisplayWrapper.swift */; };
		E3CAC652EFDEABECA5196342 /* CollectionRefreshablePlugin.swift in Sources */ = {isa = PBXBuildFile; fileRef = 2C1092BC9E825AB66555688D /* CollectionRefreshablePlugin.swift */; };
		E5140225B79AB3B6DFC86E5C /* CollectionScrollViewDelegateProxyPlugin.swift in Sources */ = {isa = PBXBuildFile; fileRef = CB60B49B20244AE9258C1A17 /* CollectionScrollViewDelegateProxyPlugin.swift */; };
		E6E11BA6BB5AE1E9C2F6C3AD /* TableEvent.swift in Sources */ = {isa = PBXBuildFile; fileRef = FEC30FE092B07222299D7132 /* TableEvent.swift */; };
		EDB283561E71E3FEDEF25C13 /* IndexTitleDisplaybleItem.swift in Sources */ = {isa = PBXBuildFile; fileRef = 422E0E0BEE50F41637F00B78 /* IndexTitleDisplaybleItem.swift */; };
		F041C54AA40B0C2BDAD68228 /* TableHeaderVisiblePlugin.swift in Sources */ = {isa = PBXBuildFile; fileRef = AB56BCA075780E0C8893C3ED /* TableHeaderVisiblePlugin.swift */; };
		F7B16748375C3EFE2B096320 /* FlowCollectionDelegate.swift in Sources */ = {isa = PBXBuildFile; fileRef = 407757CF950AF07BCA983885 /* FlowCollectionDelegate.swift */; };
		F824C9601E67AE5C5B29A6F1 /* GravityFoldingHeaderGenerator.swift in Sources */ = {isa = PBXBuildFile; fileRef = 05FD4F42BE91DAA4186A2949 /* GravityFoldingHeaderGenerator.swift */; };
		FCC8B5541B19E533534E724A /* Configurable.swift in Sources */ = {isa = PBXBuildFile; fileRef = AE452F1BC75AD3E975C5C935 /* Configurable.swift */; };
		FD8FF91F3E1C4743AD36A870 /* TableMovablePlugin.swift in Sources */ = {isa = PBXBuildFile; fileRef = 04826D8433600033861CBE01 /* TableMovablePlugin.swift */; };
		FE194393C1799F24D6BAD00B /* ScrollEvent.swift in Sources */ = {isa = PBXBuildFile; fileRef = FD1D809AC0EC51463E4A93D8 /* ScrollEvent.swift */; };
		FE2403E65C05B83BB394FC95 /* GravityTableManager.swift in Sources */ = {isa = PBXBuildFile; fileRef = 28C5C769102975271AAF998F /* GravityTableManager.swift */; };
		FF34FBBB70F846E9B9B16FBC /* BaseStackDataDisplayManager.swift in Sources */ = {isa = PBXBuildFile; fileRef = ACF544735AD1BCA8A52F8FED /* BaseStackDataDisplayManager.swift */; };
		FFB5101428B219232BF9214D /* SelectableItem.swift in Sources */ = {isa = PBXBuildFile; fileRef = 5E2450325AF42511749AE2BB /* SelectableItem.swift */; };
/* End PBXBuildFile section */

/* Begin PBXContainerItemProxy section */
		2EDAD76D332CB11E9C3CDA74 /* PBXContainerItemProxy */ = {
			isa = PBXContainerItemProxy;
			containerPortal = 0A51161694BD963ABBC0E160 /* Project object */;
			proxyType = 1;
			remoteGlobalIDString = 385F6FEF3006B0FE2C1B2271;
			remoteInfo = ReactiveDataDisplayManager;
		};
/* End PBXContainerItemProxy section */

/* Begin PBXCopyFilesBuildPhase section */
		7FBD9D8B9C912BC4710D5BC4 /* Embed Frameworks */ = {
			isa = PBXCopyFilesBuildPhase;
			buildActionMask = 2147483647;
			dstPath = "";
			dstSubfolderSpec = 10;
			files = (
				CA6B1370A232DE85F0DCB605 /* ReactiveDataDisplayManager.framework in Embed Frameworks */,
			);
			name = "Embed Frameworks";
			runOnlyForDeploymentPostprocessing = 0;
		};
/* End PBXCopyFilesBuildPhase section */

/* Begin PBXFileReference section */
		00397F6B4902B37843C8C0CF /* CollectionPrefetcherablePlugin.swift */ = {isa = PBXFileReference; lastKnownFileType = sourcecode.swift; path = CollectionPrefetcherablePlugin.swift; sourceTree = "<group>"; };
		02E8001091BE7A1E8E249055 /* UIKit.framework */ = {isa = PBXFileReference; lastKnownFileType = wrapper.framework; name = UIKit.framework; path = System/Library/Frameworks/UIKit.framework; sourceTree = SDKROOT; };
		034FA2CCDBA7927D252ADF98 /* CollectionEvent.swift */ = {isa = PBXFileReference; lastKnownFileType = sourcecode.swift; path = CollectionEvent.swift; sourceTree = "<group>"; };
		03A6EA1E2F89BE306DE9B66E /* BaseCellGenerator.swift */ = {isa = PBXFileReference; lastKnownFileType = sourcecode.swift; path = BaseCellGenerator.swift; sourceTree = "<group>"; };
		03D07200328A3CE252AF95E3 /* TableUpdatesAnimator.swift */ = {isa = PBXFileReference; lastKnownFileType = sourcecode.swift; path = TableUpdatesAnimator.swift; sourceTree = "<group>"; };
		04826D8433600033861CBE01 /* TableMovablePlugin.swift */ = {isa = PBXFileReference; lastKnownFileType = sourcecode.swift; path = TableMovablePlugin.swift; sourceTree = "<group>"; };
		0590563F4A37FBA747785B1F /* Protocols.swift */ = {isa = PBXFileReference; lastKnownFileType = sourcecode.swift; path = Protocols.swift; sourceTree = "<group>"; };
		05FD4F42BE91DAA4186A2949 /* GravityFoldingHeaderGenerator.swift */ = {isa = PBXFileReference; lastKnownFileType = sourcecode.swift; path = GravityFoldingHeaderGenerator.swift; sourceTree = "<group>"; };
		0ADCE2485E48EE861B37093D /* TableScrollViewDelegateProxyPlugin.swift */ = {isa = PBXFileReference; lastKnownFileType = sourcecode.swift; path = TableScrollViewDelegateProxyPlugin.swift; sourceTree = "<group>"; };
		0C48810544E83BFE430D8C0D /* TableSectionTitleDisplayable.swift */ = {isa = PBXFileReference; lastKnownFileType = sourcecode.swift; path = TableSectionTitleDisplayable.swift; sourceTree = "<group>"; };
		0CBF24B34CD888E8A96CCD4A /* CellRegisterType.swift */ = {isa = PBXFileReference; lastKnownFileType = sourcecode.swift; path = CellRegisterType.swift; sourceTree = "<group>"; };
		0E965F4A7510CB696F55534C /* EmptyHeaderGenerator.swift */ = {isa = PBXFileReference; lastKnownFileType = sourcecode.swift; path = EmptyHeaderGenerator.swift; sourceTree = "<group>"; };
		10414AD3BB6CC073ACF45D67 /* FatalErrorUtil.swift */ = {isa = PBXFileReference; lastKnownFileType = sourcecode.swift; path = FatalErrorUtil.swift; sourceTree = "<group>"; };
		10932E72C7195BEBEC2FD7D4 /* Info.plist */ = {isa = PBXFileReference; lastKnownFileType = text.plist; path = Info.plist; sourceTree = "<group>"; };
		112A6DAE64ABE80C651AF8FE /* TableSelectablePlugin.swift */ = {isa = PBXFileReference; lastKnownFileType = sourcecode.swift; path = TableSelectablePlugin.swift; sourceTree = "<group>"; };
		115F07B5ECCE540AFFEE5356 /* Collection+RDDM.swift */ = {isa = PBXFileReference; lastKnownFileType = sourcecode.swift; path = "Collection+RDDM.swift"; sourceTree = "<group>"; };
		1F708DAB36776815E30AA345 /* EmptyCollectionFooterGenarator.swift */ = {isa = PBXFileReference; lastKnownFileType = sourcecode.swift; path = EmptyCollectionFooterGenarator.swift; sourceTree = "<group>"; };
		213AB51621FA947C024D1FCB /* CollectionGeneratorsProvider.swift */ = {isa = PBXFileReference; lastKnownFileType = sourcecode.swift; path = CollectionGeneratorsProvider.swift; sourceTree = "<group>"; };
		22EEE38A919848A7A3E80DAA /* CalculatableSizeItem.swift */ = {isa = PBXFileReference; lastKnownFileType = sourcecode.swift; path = CalculatableSizeItem.swift; sourceTree = "<group>"; };
		2307435F0DC60B24C27FB487 /* TableSectionTitleWrapper.swift */ = {isa = PBXFileReference; lastKnownFileType = sourcecode.swift; path = TableSectionTitleWrapper.swift; sourceTree = "<group>"; };
		23FDB877F58BA9108A95703B /* FeaturePlugin.swift */ = {isa = PBXFileReference; lastKnownFileType = sourcecode.swift; path = FeaturePlugin.swift; sourceTree = "<group>"; };
		247D90B27F7B0F9C62593597 /* Animator.swift */ = {isa = PBXFileReference; lastKnownFileType = sourcecode.swift; path = Animator.swift; sourceTree = "<group>"; };
		267336748FEC9B13DC54BBD7 /* TableGeneratorsProvider.swift */ = {isa = PBXFileReference; lastKnownFileType = sourcecode.swift; path = TableGeneratorsProvider.swift; sourceTree = "<group>"; };
		26F6F9A2A56B3F28D0783100 /* BaseCollectionDelegate.swift */ = {isa = PBXFileReference; lastKnownFileType = sourcecode.swift; path = BaseCollectionDelegate.swift; sourceTree = "<group>"; };
		2794A72D03CC34EAB636D15E /* CollectionSelectedItemScrollablePlugin.swift */ = {isa = PBXFileReference; lastKnownFileType = sourcecode.swift; path = CollectionSelectedItemScrollablePlugin.swift; sourceTree = "<group>"; };
		28C5C769102975271AAF998F /* GravityTableManager.swift */ = {isa = PBXFileReference; lastKnownFileType = sourcecode.swift; path = GravityTableManager.swift; sourceTree = "<group>"; };
		2B75A7020583C7DAAFE5D73E /* CollectionFeaturePlugin.swift */ = {isa = PBXFileReference; lastKnownFileType = sourcecode.swift; path = CollectionFeaturePlugin.swift; sourceTree = "<group>"; };
		2C1092BC9E825AB66555688D /* CollectionRefreshablePlugin.swift */ = {isa = PBXFileReference; lastKnownFileType = sourcecode.swift; path = CollectionRefreshablePlugin.swift; sourceTree = "<group>"; };
		2D47D3A7F186E835B7A29DF9 /* EmptyCollectionHeaderGenerator.swift */ = {isa = PBXFileReference; lastKnownFileType = sourcecode.swift; path = EmptyCollectionHeaderGenerator.swift; sourceTree = "<group>"; };
		308A9901D886B665BFCDF5EC /* Operations.swift */ = {isa = PBXFileReference; lastKnownFileType = sourcecode.swift; path = Operations.swift; sourceTree = "<group>"; };
		30DA738CB021B7A0E8C2509F /* TableSwipeActionsConfigurationPlugin.swift */ = {isa = PBXFileReference; lastKnownFileType = sourcecode.swift; path = TableSwipeActionsConfigurationPlugin.swift; sourceTree = "<group>"; };
		3B76826CF24995B55F8FB4D7 /* ExtendableBaseTableDataDisplayManager.swift */ = {isa = PBXFileReference; lastKnownFileType = sourcecode.swift; path = ExtendableBaseTableDataDisplayManager.swift; sourceTree = "<group>"; };
		3D1D7957D74E5BBAFF9F274F /* TableLastCellIsVisiblePlugin.swift */ = {isa = PBXFileReference; lastKnownFileType = sourcecode.swift; path = TableLastCellIsVisiblePlugin.swift; sourceTree = "<group>"; };
		402D5CEFB8C0EF82F777E987 /* ReactiveDataDisplayManagerTests.xctest */ = {isa = PBXFileReference; includeInIndex = 0; lastKnownFileType = wrapper.cfbundle; path = ReactiveDataDisplayManagerTests.xctest; sourceTree = BUILT_PRODUCTS_DIR; };
		407757CF950AF07BCA983885 /* FlowCollectionDelegate.swift */ = {isa = PBXFileReference; lastKnownFileType = sourcecode.swift; path = FlowCollectionDelegate.swift; sourceTree = "<group>"; };
		410949C3D4F4209B9D2EE842 /* CollectionCell+RDDM.swift */ = {isa = PBXFileReference; lastKnownFileType = sourcecode.swift; path = "CollectionCell+RDDM.swift"; sourceTree = "<group>"; };
		422E0E0BEE50F41637F00B78 /* IndexTitleDisplaybleItem.swift */ = {isa = PBXFileReference; lastKnownFileType = sourcecode.swift; path = IndexTitleDisplaybleItem.swift; sourceTree = "<group>"; };
		46E8EFB3C6BAD3AB65C99A4E /* CollectionPaginatablePlugin.swift */ = {isa = PBXFileReference; lastKnownFileType = sourcecode.swift; path = CollectionPaginatablePlugin.swift; sourceTree = "<group>"; };
		486F67AEE82355D88833995D /* FoldingTableDataDisplayManager.swift */ = {isa = PBXFileReference; lastKnownFileType = sourcecode.swift; path = FoldingTableDataDisplayManager.swift; sourceTree = "<group>"; };
		4C362D121AAFB2B2261B67F6 /* CollectionScrollProvider.swift */ = {isa = PBXFileReference; lastKnownFileType = sourcecode.swift; path = CollectionScrollProvider.swift; sourceTree = "<group>"; };
		517FE317E96300002EBB05AD /* SizableItem.swift */ = {isa = PBXFileReference; lastKnownFileType = sourcecode.swift; path = SizableItem.swift; sourceTree = "<group>"; };
		562A6BEF4D914F5C22954D8C /* FoldingTableDataDisplayManagerTests.swift */ = {isa = PBXFileReference; lastKnownFileType = sourcecode.swift; path = FoldingTableDataDisplayManagerTests.swift; sourceTree = "<group>"; };
		59615B0AE9A9444EDFEF8BF3 /* GravityTableDataDisplayManager.swift */ = {isa = PBXFileReference; lastKnownFileType = sourcecode.swift; path = GravityTableDataDisplayManager.swift; sourceTree = "<group>"; };
		5D412694D2BF33F0DE836632 /* MovableItem.swift */ = {isa = PBXFileReference; lastKnownFileType = sourcecode.swift; path = MovableItem.swift; sourceTree = "<group>"; };
		5E2450325AF42511749AE2BB /* SelectableItem.swift */ = {isa = PBXFileReference; lastKnownFileType = sourcecode.swift; path = SelectableItem.swift; sourceTree = "<group>"; };
		60EE49AED3D5DED8A60F7B2A /* ReactiveDataDisplayManager.framework */ = {isa = PBXFileReference; explicitFileType = wrapper.framework; includeInIndex = 0; path = ReactiveDataDisplayManager.framework; sourceTree = BUILT_PRODUCTS_DIR; };
		6C3A6E775D0C43FBA9270912 /* CollectionFoldableItem.swift */ = {isa = PBXFileReference; lastKnownFileType = sourcecode.swift; path = CollectionFoldableItem.swift; sourceTree = "<group>"; };
		6E37550AE29A4D304F333F31 /* CollectionBatchUpdatesAnimator.swift */ = {isa = PBXFileReference; lastKnownFileType = sourcecode.swift; path = CollectionBatchUpdatesAnimator.swift; sourceTree = "<group>"; };
		6ED2FBE3C9A43D8D378B429E /* TableBatchUpdatesAnimator.swift */ = {isa = PBXFileReference; lastKnownFileType = sourcecode.swift; path = TableBatchUpdatesAnimator.swift; sourceTree = "<group>"; };
		75FAEA50A690136FA8CC707C /* Gravity.swift */ = {isa = PBXFileReference; lastKnownFileType = sourcecode.swift; path = Gravity.swift; sourceTree = "<group>"; };
		77013DC1BBAE41AF27D29BE5 /* CalculatableHeightCellGenerator.swift */ = {isa = PBXFileReference; lastKnownFileType = sourcecode.swift; path = CalculatableHeightCellGenerator.swift; sourceTree = "<group>"; };
		7868DD732F641D23BDE034B5 /* BaseCollectionCellGenerator.swift */ = {isa = PBXFileReference; lastKnownFileType = sourcecode.swift; path = BaseCollectionCellGenerator.swift; sourceTree = "<group>"; };
		80201602B1344E3E17DD068C /* CollectionItemTitleDisplayable.swift */ = {isa = PBXFileReference; lastKnownFileType = sourcecode.swift; path = CollectionItemTitleDisplayable.swift; sourceTree = "<group>"; };
		81A3039B0AEA3B69AE6AD5EF /* TableMovable.swift */ = {isa = PBXFileReference; lastKnownFileType = sourcecode.swift; path = TableMovable.swift; sourceTree = "<group>"; };
		826F9DC6C9260E6B78AD6D92 /* CollectionPrefetchProxyPlugin.swift */ = {isa = PBXFileReference; lastKnownFileType = sourcecode.swift; path = CollectionPrefetchProxyPlugin.swift; sourceTree = "<group>"; };
		8384E7A5B028DF512E2960F8 /* TableDelegate.swift */ = {isa = PBXFileReference; lastKnownFileType = sourcecode.swift; path = TableDelegate.swift; sourceTree = "<group>"; };
		8904D861431FFD684F25C28B /* Plugin.swift */ = {isa = PBXFileReference; lastKnownFileType = sourcecode.swift; path = Plugin.swift; sourceTree = "<group>"; };
		89334609871345A55CE0BF9F /* DataDisplayConstructable.swift */ = {isa = PBXFileReference; lastKnownFileType = sourcecode.swift; path = DataDisplayConstructable.swift; sourceTree = "<group>"; };
		895FDF47F9A685CB797DA179 /* TableDataSource.swift */ = {isa = PBXFileReference; lastKnownFileType = sourcecode.swift; path = TableDataSource.swift; sourceTree = "<group>"; };
		8AB15049C3CF350EB527C810 /* Stack+RDDM.swift */ = {isa = PBXFileReference; lastKnownFileType = sourcecode.swift; path = "Stack+RDDM.swift"; sourceTree = "<group>"; };
		8AFDAB29149AE02696D58290 /* BaseTablePlugin.swift */ = {isa = PBXFileReference; lastKnownFileType = sourcecode.swift; path = BaseTablePlugin.swift; sourceTree = "<group>"; };
		8CBB5281A4462F4F16CCB639 /* GravityFoldingTableDataDisplayManager.swift */ = {isa = PBXFileReference; lastKnownFileType = sourcecode.swift; path = GravityFoldingTableDataDisplayManager.swift; sourceTree = "<group>"; };
		8DEF2D4A316627A53C0450D5 /* DataDisplayCompatible.swift */ = {isa = PBXFileReference; lastKnownFileType = sourcecode.swift; path = DataDisplayCompatible.swift; sourceTree = "<group>"; };
		8EB5399A085AABE654E8B23C /* ScrollDirection.swift */ = {isa = PBXFileReference; lastKnownFileType = sourcecode.swift; path = ScrollDirection.swift; sourceTree = "<group>"; };
		8FFD609DE049DF7849026EF9 /* CollectionDelegate.swift */ = {isa = PBXFileReference; lastKnownFileType = sourcecode.swift; path = CollectionDelegate.swift; sourceTree = "<group>"; };
		9308B5489FC8B98779351C0C /* TableSwipeActionsConfiguration.swift */ = {isa = PBXFileReference; lastKnownFileType = sourcecode.swift; path = TableSwipeActionsConfiguration.swift; sourceTree = "<group>"; };
		9373CF21992ACAF75BED6839 /* Event.swift */ = {isa = PBXFileReference; lastKnownFileType = sourcecode.swift; path = Event.swift; sourceTree = "<group>"; };
		93F736AEB62C4B877AFEF0E0 /* TableRefreshablePlugin.swift */ = {isa = PBXFileReference; lastKnownFileType = sourcecode.swift; path = TableRefreshablePlugin.swift; sourceTree = "<group>"; };
		959B54D69AC809B56939827F /* CollectionDataSource.swift */ = {isa = PBXFileReference; lastKnownFileType = sourcecode.swift; path = CollectionDataSource.swift; sourceTree = "<group>"; };
		96E7A3AF9B24D4A46012EC1E /* EmptyGravityTableHeaderGenerator.swift */ = {isa = PBXFileReference; lastKnownFileType = sourcecode.swift; path = EmptyGravityTableHeaderGenerator.swift; sourceTree = "<group>"; };
		9A823B265B4A6141BCD38940 /* BaseStackDataDisplatManagerTests.swift */ = {isa = PBXFileReference; lastKnownFileType = sourcecode.swift; path = BaseStackDataDisplatManagerTests.swift; sourceTree = "<group>"; };
		9BC8419F5D33C0C4FDEF350F /* ConfigurableItem.swift */ = {isa = PBXFileReference; lastKnownFileType = sourcecode.swift; path = ConfigurableItem.swift; sourceTree = "<group>"; };
		9DEFF95D7ADF882F5D7ABAD8 /* DeletableItem.swift */ = {isa = PBXFileReference; lastKnownFileType = sourcecode.swift; path = DeletableItem.swift; sourceTree = "<group>"; };
		9E2CD82AA51C05BEC0EF2C05 /* BaseStackManager.swift */ = {isa = PBXFileReference; lastKnownFileType = sourcecode.swift; path = BaseStackManager.swift; sourceTree = "<group>"; };
		9F452071C5A1D68B45B83404 /* BaseCollectionDataDisplayManagerTests.swift */ = {isa = PBXFileReference; lastKnownFileType = sourcecode.swift; path = BaseCollectionDataDisplayManagerTests.swift; sourceTree = "<group>"; };
		A027B8496C59C5A73D990C54 /* BaseCollectionManager.swift */ = {isa = PBXFileReference; lastKnownFileType = sourcecode.swift; path = BaseCollectionManager.swift; sourceTree = "<group>"; };
		A2792DD250BD0AD76291D0DE /* BaseCollectionDataSource.swift */ = {isa = PBXFileReference; lastKnownFileType = sourcecode.swift; path = BaseCollectionDataSource.swift; sourceTree = "<group>"; };
		A3C6EACAA6CEAC3E52EF7D28 /* ManualTableManager.swift */ = {isa = PBXFileReference; lastKnownFileType = sourcecode.swift; path = ManualTableManager.swift; sourceTree = "<group>"; };
		A6240F096FE4C04570FA9FDC /* PrefetchEvent.swift */ = {isa = PBXFileReference; lastKnownFileType = sourcecode.swift; path = PrefetchEvent.swift; sourceTree = "<group>"; };
		A955504B2B31B7C47938B703 /* SizableCollectionDataDisplayManager.swift */ = {isa = PBXFileReference; lastKnownFileType = sourcecode.swift; path = SizableCollectionDataDisplayManager.swift; sourceTree = "<group>"; };
		A9CD1CACD13CDEB698783D70 /* TablePrefetchProxyPlugin.swift */ = {isa = PBXFileReference; lastKnownFileType = sourcecode.swift; path = TablePrefetchProxyPlugin.swift; sourceTree = "<group>"; };
		AA859843146956480E304969 /* TableDisplayablePlugin.swift */ = {isa = PBXFileReference; lastKnownFileType = sourcecode.swift; path = TableDisplayablePlugin.swift; sourceTree = "<group>"; };
		AB56BCA075780E0C8893C3ED /* TableHeaderVisiblePlugin.swift */ = {isa = PBXFileReference; lastKnownFileType = sourcecode.swift; path = TableHeaderVisiblePlugin.swift; sourceTree = "<group>"; };
		AC8C175D2A03DC50EEBA23F9 /* SizableCollectionCellGenerator.swift */ = {isa = PBXFileReference; lastKnownFileType = sourcecode.swift; path = SizableCollectionCellGenerator.swift; sourceTree = "<group>"; };
		ACA5F6205128979985986C33 /* HeaderDataDisplayManager.swift */ = {isa = PBXFileReference; lastKnownFileType = sourcecode.swift; path = HeaderDataDisplayManager.swift; sourceTree = "<group>"; };
		ACF544735AD1BCA8A52F8FED /* BaseStackDataDisplayManager.swift */ = {isa = PBXFileReference; lastKnownFileType = sourcecode.swift; path = BaseStackDataDisplayManager.swift; sourceTree = "<group>"; };
		ACFCDDC83A1CEA96AF0DC405 /* PrefetcherableItem.swift */ = {isa = PBXFileReference; lastKnownFileType = sourcecode.swift; path = PrefetcherableItem.swift; sourceTree = "<group>"; };
		AE452F1BC75AD3E975C5C935 /* Configurable.swift */ = {isa = PBXFileReference; lastKnownFileType = sourcecode.swift; path = Configurable.swift; sourceTree = "<group>"; };
		AF9224C303D8FFD0DEAB39C8 /* BaseCollectionDataDisplayManager.swift */ = {isa = PBXFileReference; lastKnownFileType = sourcecode.swift; path = BaseCollectionDataDisplayManager.swift; sourceTree = "<group>"; };
		B0FDD0183B40DE47CC4E585D /* CollectionFoldablePlugin.swift */ = {isa = PBXFileReference; lastKnownFileType = sourcecode.swift; path = CollectionFoldablePlugin.swift; sourceTree = "<group>"; };
		B1A898429571601D38BE9426 /* TableDirectionScrollablePlugin.swift */ = {isa = PBXFileReference; lastKnownFileType = sourcecode.swift; path = TableDirectionScrollablePlugin.swift; sourceTree = "<group>"; };
		B1AC3157C4EFDBBD0A6F07CF /* TableSectionTitleDisplayablePlugin.swift */ = {isa = PBXFileReference; lastKnownFileType = sourcecode.swift; path = TableSectionTitleDisplayablePlugin.swift; sourceTree = "<group>"; };
		B20E3C539215ACF652ADDF69 /* PaginableBaseTableDataDisplayManager.swift */ = {isa = PBXFileReference; lastKnownFileType = sourcecode.swift; path = PaginableBaseTableDataDisplayManager.swift; sourceTree = "<group>"; };
		B2FAB1123093F8FC603A7C73 /* TableFoldablePlugin.swift */ = {isa = PBXFileReference; lastKnownFileType = sourcecode.swift; path = TableFoldablePlugin.swift; sourceTree = "<group>"; };
		BABBD4B4A55A90262F26FF77 /* CollectionSelectablePlugin.swift */ = {isa = PBXFileReference; lastKnownFileType = sourcecode.swift; path = CollectionSelectablePlugin.swift; sourceTree = "<group>"; };
		BC4327BAC235A817BDDB8C2D /* XCTestCase+FatalError.swift */ = {isa = PBXFileReference; lastKnownFileType = sourcecode.swift; path = "XCTestCase+FatalError.swift"; sourceTree = "<group>"; };
		BF985C28885BA3186E11CCF6 /* DataDisplayManager.swift */ = {isa = PBXFileReference; lastKnownFileType = sourcecode.swift; path = DataDisplayManager.swift; sourceTree = "<group>"; };
		C118AECA54AA3D2FF2F454B6 /* CollectionItemTitleDisplayablePlugin.swift */ = {isa = PBXFileReference; lastKnownFileType = sourcecode.swift; path = CollectionItemTitleDisplayablePlugin.swift; sourceTree = "<group>"; };
		C56744B3951EE4E2938C1595 /* TablePaginatablePlugin.swift */ = {isa = PBXFileReference; lastKnownFileType = sourcecode.swift; path = TablePaginatablePlugin.swift; sourceTree = "<group>"; };
		C5B2F13AB2F69D46CA6018C6 /* CalculatableWidthCollectionCellGenerator.swift */ = {isa = PBXFileReference; lastKnownFileType = sourcecode.swift; path = CalculatableWidthCollectionCellGenerator.swift; sourceTree = "<group>"; };
		C6952714883F855F60246E0F /* PluginCollection.swift */ = {isa = PBXFileReference; lastKnownFileType = sourcecode.swift; path = PluginCollection.swift; sourceTree = "<group>"; };
		C89101ED16FEE7833A0BA045 /* FoldableItem.swift */ = {isa = PBXFileReference; lastKnownFileType = sourcecode.swift; path = FoldableItem.swift; sourceTree = "<group>"; };
		CB60B49B20244AE9258C1A17 /* CollectionScrollViewDelegateProxyPlugin.swift */ = {isa = PBXFileReference; lastKnownFileType = sourcecode.swift; path = CollectionScrollViewDelegateProxyPlugin.swift; sourceTree = "<group>"; };
		D1078B9C07791E5D5E7C3557 /* CollectionScrollablePlugin.swift */ = {isa = PBXFileReference; lastKnownFileType = sourcecode.swift; path = CollectionScrollablePlugin.swift; sourceTree = "<group>"; };
		D1FB9215088995869307E564 /* BaseTableDataDisplayManager.swift */ = {isa = PBXFileReference; lastKnownFileType = sourcecode.swift; path = BaseTableDataDisplayManager.swift; sourceTree = "<group>"; };
		D99B746E73F4495B4C98E04A /* BaseTableDelegate.swift */ = {isa = PBXFileReference; lastKnownFileType = sourcecode.swift; path = BaseTableDelegate.swift; sourceTree = "<group>"; };
		DA6787E3869C457FD98495F6 /* TablePrefetcherablePlugin.swift */ = {isa = PBXFileReference; lastKnownFileType = sourcecode.swift; path = TablePrefetcherablePlugin.swift; sourceTree = "<group>"; };
		DA7F6332086B6ECB83C4C23C /* TableFeaturePlugin.swift */ = {isa = PBXFileReference; lastKnownFileType = sourcecode.swift; path = TableFeaturePlugin.swift; sourceTree = "<group>"; };
		DED8CF6540B9EC7F1C1A3C00 /* DisplayableItem.swift */ = {isa = PBXFileReference; lastKnownFileType = sourcecode.swift; path = DisplayableItem.swift; sourceTree = "<group>"; };
		DFAA3AC3EADDFDDDEE0D460A /* CalculatableHeightCollectionCellGenerator.swift */ = {isa = PBXFileReference; lastKnownFileType = sourcecode.swift; path = CalculatableHeightCollectionCellGenerator.swift; sourceTree = "<group>"; };
		E1829C65A2A0CD0F83C65C18 /* BaseNonReusableCellGenerator.swift */ = {isa = PBXFileReference; lastKnownFileType = sourcecode.swift; path = BaseNonReusableCellGenerator.swift; sourceTree = "<group>"; };
		E4F4B80C0096B8135E10035A /* TableSwipeActionsConfigurable.swift */ = {isa = PBXFileReference; lastKnownFileType = sourcecode.swift; path = TableSwipeActionsConfigurable.swift; sourceTree = "<group>"; };
		E57A893DBE88E29AC39E73F6 /* BaseCollectionPlugin.swift */ = {isa = PBXFileReference; lastKnownFileType = sourcecode.swift; path = BaseCollectionPlugin.swift; sourceTree = "<group>"; };
		E67308D9FF3FE20C4B2B3320 /* BaseTableManager.swift */ = {isa = PBXFileReference; lastKnownFileType = sourcecode.swift; path = BaseTableManager.swift; sourceTree = "<group>"; };
		E88EAF1AAEC0FAEFC123AC9F /* CalculatableSize.swift */ = {isa = PBXFileReference; lastKnownFileType = sourcecode.swift; path = CalculatableSize.swift; sourceTree = "<group>"; };
		EC629FD45C669EA77E7008E2 /* DataDisplayWrapper.swift */ = {isa = PBXFileReference; lastKnownFileType = sourcecode.swift; path = DataDisplayWrapper.swift; sourceTree = "<group>"; };
		EDD883BF885218E2B74454DA /* BaseTableDataSource.swift */ = {isa = PBXFileReference; lastKnownFileType = sourcecode.swift; path = BaseTableDataSource.swift; sourceTree = "<group>"; };
		EED2851D46C8C2DE1BCC0AE9 /* FooterDataDisplayManager.swift */ = {isa = PBXFileReference; lastKnownFileType = sourcecode.swift; path = FooterDataDisplayManager.swift; sourceTree = "<group>"; };
		F1A91FB41BF3B0B8A2979694 /* Extensions.swift */ = {isa = PBXFileReference; lastKnownFileType = sourcecode.swift; path = Extensions.swift; sourceTree = "<group>"; };
		F2B8C75E9350423CACD842F7 /* SwipeableItem.swift */ = {isa = PBXFileReference; lastKnownFileType = sourcecode.swift; path = SwipeableItem.swift; sourceTree = "<group>"; };
		F3115B84BF86897DBA5F43A9 /* CalculatableHeightNonReusableCellGenerator.swift */ = {isa = PBXFileReference; lastKnownFileType = sourcecode.swift; path = CalculatableHeightNonReusableCellGenerator.swift; sourceTree = "<group>"; };
		F3A0723C41A0762651E035DA /* TableCell+RDDM.swift */ = {isa = PBXFileReference; lastKnownFileType = sourcecode.swift; path = "TableCell+RDDM.swift"; sourceTree = "<group>"; };
		FA661F128A63651DD962E517 /* Table+RDDM.swift */ = {isa = PBXFileReference; lastKnownFileType = sourcecode.swift; path = "Table+RDDM.swift"; sourceTree = "<group>"; };
		FD1D809AC0EC51463E4A93D8 /* ScrollEvent.swift */ = {isa = PBXFileReference; lastKnownFileType = sourcecode.swift; path = ScrollEvent.swift; sourceTree = "<group>"; };
		FE4780CE6E353D105654A9F7 /* BaseTableDataDisplayManagerTests.swift */ = {isa = PBXFileReference; lastKnownFileType = sourcecode.swift; path = BaseTableDataDisplayManagerTests.swift; sourceTree = "<group>"; };
		FEC30FE092B07222299D7132 /* TableEvent.swift */ = {isa = PBXFileReference; lastKnownFileType = sourcecode.swift; path = TableEvent.swift; sourceTree = "<group>"; };
/* End PBXFileReference section */

/* Begin PBXFrameworksBuildPhase section */
		7BA417602154E0F00306A019 /* Frameworks */ = {
			isa = PBXFrameworksBuildPhase;
			buildActionMask = 2147483647;
			files = (
				01928B904277BA3B44EEFAF2 /* UIKit.framework in Frameworks */,
			);
			runOnlyForDeploymentPostprocessing = 0;
		};
		8F5A8DFE1B39156B21782F0F /* Frameworks */ = {
			isa = PBXFrameworksBuildPhase;
			buildActionMask = 2147483647;
			files = (
				8CAD90E3813ECB5974663559 /* ReactiveDataDisplayManager.framework in Frameworks */,
			);
			runOnlyForDeploymentPostprocessing = 0;
		};
/* End PBXFrameworksBuildPhase section */

/* Begin PBXGroup section */
		000BE89B56A6F4CD291D26A6 /* Events */ = {
			isa = PBXGroup;
			children = (
				FEC30FE092B07222299D7132 /* TableEvent.swift */,
			);
			path = Events;
			sourceTree = "<group>";
		};
		01136FCBD98628BBEDC4CB7C /* Delegate */ = {
			isa = PBXGroup;
			children = (
				26F6F9A2A56B3F28D0783100 /* BaseCollectionDelegate.swift */,
				8FFD609DE049DF7849026EF9 /* CollectionDelegate.swift */,
				407757CF950AF07BCA983885 /* FlowCollectionDelegate.swift */,
			);
			path = Delegate;
			sourceTree = "<group>";
		};
		061609D764C2E840E7C6D3AD /* Manager */ = {
			isa = PBXGroup;
			children = (
				E67308D9FF3FE20C4B2B3320 /* BaseTableManager.swift */,
				28C5C769102975271AAF998F /* GravityTableManager.swift */,
				A3C6EACAA6CEAC3E52EF7D28 /* ManualTableManager.swift */,
			);
			path = Manager;
			sourceTree = "<group>";
		};
		0B6DBEB7BD9EEDC02C031BC9 /* Wrapper */ = {
			isa = PBXGroup;
			children = (
				8DEF2D4A316627A53C0450D5 /* DataDisplayCompatible.swift */,
				89334609871345A55CE0BF9F /* DataDisplayConstructable.swift */,
				EC629FD45C669EA77E7008E2 /* DataDisplayWrapper.swift */,
				2307435F0DC60B24C27FB487 /* TableSectionTitleWrapper.swift */,
			);
			path = Wrapper;
			sourceTree = "<group>";
		};
		0C534FD066B96A87859EB0FD /* Plugins */ = {
			isa = PBXGroup;
			children = (
				AC73C243BE9F03720220F254 /* FeaturePlugin */,
				E864FB22A4AAC7D20E65E21A /* Generators */,
				2A709310177526C350C9076C /* PluginAction */,
			);
			path = Plugins;
			sourceTree = "<group>";
		};
		1BA9A0EAEBE98994294CE91C /* Manager */ = {
			isa = PBXGroup;
			children = (
				9E2CD82AA51C05BEC0EF2C05 /* BaseStackManager.swift */,
			);
			path = Manager;
			sourceTree = "<group>";
		};
		239F021B293B11CDA6FC9A6B /* Generators */ = {
			isa = PBXGroup;
			children = (
				03A6EA1E2F89BE306DE9B66E /* BaseCellGenerator.swift */,
				E1829C65A2A0CD0F83C65C18 /* BaseNonReusableCellGenerator.swift */,
				77013DC1BBAE41AF27D29BE5 /* CalculatableHeightCellGenerator.swift */,
				F3115B84BF86897DBA5F43A9 /* CalculatableHeightNonReusableCellGenerator.swift */,
				96E7A3AF9B24D4A46012EC1E /* EmptyGravityTableHeaderGenerator.swift */,
				0E965F4A7510CB696F55534C /* EmptyHeaderGenerator.swift */,
			);
			path = Generators;
			sourceTree = "<group>";
		};
		2A709310177526C350C9076C /* PluginAction */ = {
			isa = PBXGroup;
			children = (
				8904D861431FFD684F25C28B /* Plugin.swift */,
				C6952714883F855F60246E0F /* PluginCollection.swift */,
				908B641C201CA97BAE767EC5 /* Collection */,
			);
			path = PluginAction;
			sourceTree = "<group>";
		};
		3057EECF3B4F9B776DFE5463 /* Deprecated */ = {
			isa = PBXGroup;
			children = (
				AF9224C303D8FFD0DEAB39C8 /* BaseCollectionDataDisplayManager.swift */,
				A955504B2B31B7C47938B703 /* SizableCollectionDataDisplayManager.swift */,
			);
			path = Deprecated;
			sourceTree = "<group>";
		};
		3BAC137C6A29EBD0CCC85AA6 /* DataSource */ = {
			isa = PBXGroup;
			children = (
				A2792DD250BD0AD76291D0DE /* BaseCollectionDataSource.swift */,
				959B54D69AC809B56939827F /* CollectionDataSource.swift */,
				213AB51621FA947C024D1FCB /* CollectionGeneratorsProvider.swift */,
			);
			path = DataSource;
			sourceTree = "<group>";
		};
		492D8571B3DD7BAB0F8F3DC9 /* PluginAction */ = {
			isa = PBXGroup;
			children = (
				8AFDAB29149AE02696D58290 /* BaseTablePlugin.swift */,
				B1A898429571601D38BE9426 /* TableDirectionScrollablePlugin.swift */,
				AA859843146956480E304969 /* TableDisplayablePlugin.swift */,
				B2FAB1123093F8FC603A7C73 /* TableFoldablePlugin.swift */,
				AB56BCA075780E0C8893C3ED /* TableHeaderVisiblePlugin.swift */,
				3D1D7957D74E5BBAFF9F274F /* TableLastCellIsVisiblePlugin.swift */,
				C56744B3951EE4E2938C1595 /* TablePaginatablePlugin.swift */,
				DA6787E3869C457FD98495F6 /* TablePrefetcherablePlugin.swift */,
				A9CD1CACD13CDEB698783D70 /* TablePrefetchProxyPlugin.swift */,
				93F736AEB62C4B877AFEF0E0 /* TableRefreshablePlugin.swift */,
				0ADCE2485E48EE861B37093D /* TableScrollViewDelegateProxyPlugin.swift */,
				112A6DAE64ABE80C651AF8FE /* TableSelectablePlugin.swift */,
			);
			path = PluginAction;
			sourceTree = "<group>";
		};
		4A1C04B48BF443046ECCD65F /* Deprecated */ = {
			isa = PBXGroup;
			children = (
				D1FB9215088995869307E564 /* BaseTableDataDisplayManager.swift */,
				3B76826CF24995B55F8FB4D7 /* ExtendableBaseTableDataDisplayManager.swift */,
				486F67AEE82355D88833995D /* FoldingTableDataDisplayManager.swift */,
				8CBB5281A4462F4F16CCB639 /* GravityFoldingTableDataDisplayManager.swift */,
				59615B0AE9A9444EDFEF8BF3 /* GravityTableDataDisplayManager.swift */,
				B20E3C539215ACF652ADDF69 /* PaginableBaseTableDataDisplayManager.swift */,
			);
			path = Deprecated;
			sourceTree = "<group>";
		};
		4F976C89B581915E384D0A8E /* Protocols */ = {
			isa = PBXGroup;
			children = (
				BF985C28885BA3186E11CCF6 /* DataDisplayManager.swift */,
				EED2851D46C8C2DE1BCC0AE9 /* FooterDataDisplayManager.swift */,
				ACA5F6205128979985986C33 /* HeaderDataDisplayManager.swift */,
				308A9901D886B665BFCDF5EC /* Operations.swift */,
				0590563F4A37FBA747785B1F /* Protocols.swift */,
				B5A5194AB0570CA2DDE9509A /* Animator */,
				90241BC31E382BC50CECD3D3 /* Deprecated */,
				0C534FD066B96A87859EB0FD /* Plugins */,
				0B6DBEB7BD9EEDC02C031BC9 /* Wrapper */,
			);
			path = Protocols;
			sourceTree = "<group>";
		};
		51D967F58F9C351CCF5D7B4D /* TableSwipeActionsConfigurationPlugin */ = {
			isa = PBXGroup;
			children = (
				9308B5489FC8B98779351C0C /* TableSwipeActionsConfiguration.swift */,
				30DA738CB021B7A0E8C2509F /* TableSwipeActionsConfigurationPlugin.swift */,
			);
			path = TableSwipeActionsConfigurationPlugin;
			sourceTree = "<group>";
		};
		541729A882381B290F04154F /* Collection */ = {
			isa = PBXGroup;
			children = (
				115F07B5ECCE540AFFEE5356 /* Collection+RDDM.swift */,
				410949C3D4F4209B9D2EE842 /* CollectionCell+RDDM.swift */,
				B4DFD23C075EBAF701DD8D9A /* Animator */,
				3BAC137C6A29EBD0CCC85AA6 /* DataSource */,
				01136FCBD98628BBEDC4CB7C /* Delegate */,
				3057EECF3B4F9B776DFE5463 /* Deprecated */,
				F667033D3530071DD0C884EB /* Events */,
				F5AA1F2D2D3BE1355C042604 /* Generators */,
				976D40303BACC78950D65D4B /* Manager */,
				8524EF42F3BDDFC7CAF1BDF4 /* Plugins */,
				7616A27DE810DC62FC128E38 /* Protocols */,
			);
			path = Collection;
			sourceTree = "<group>";
		};
		64EEF09EC53E38B3F5CE33EC /* ReactiveDataDisplayManagerTests */ = {
			isa = PBXGroup;
			children = (
				9F452071C5A1D68B45B83404 /* BaseCollectionDataDisplayManagerTests.swift */,
				9A823B265B4A6141BCD38940 /* BaseStackDataDisplatManagerTests.swift */,
				FE4780CE6E353D105654A9F7 /* BaseTableDataDisplayManagerTests.swift */,
				562A6BEF4D914F5C22954D8C /* FoldingTableDataDisplayManagerTests.swift */,
				05FD4F42BE91DAA4186A2949 /* GravityFoldingHeaderGenerator.swift */,
				10932E72C7195BEBEC2FD7D4 /* Info.plist */,
				BC4327BAC235A817BDDB8C2D /* XCTestCase+FatalError.swift */,
			);
			path = ReactiveDataDisplayManagerTests;
			sourceTree = "<group>";
		};
		693D5446F63554917C2E99C7 /* Deprecated */ = {
			isa = PBXGroup;
			children = (
				ACF544735AD1BCA8A52F8FED /* BaseStackDataDisplayManager.swift */,
			);
			path = Deprecated;
			sourceTree = "<group>";
		};
		7616A27DE810DC62FC128E38 /* Protocols */ = {
			isa = PBXGroup;
			children = (
				6C3A6E775D0C43FBA9270912 /* CollectionFoldableItem.swift */,
				80201602B1344E3E17DD068C /* CollectionItemTitleDisplayable.swift */,
			);
			path = Protocols;
			sourceTree = "<group>";
		};
		7AF0BA3C421D10B575284D12 /* PluginAction */ = {
			isa = PBXGroup;
			children = (
				E57A893DBE88E29AC39E73F6 /* BaseCollectionPlugin.swift */,
				B0FDD0183B40DE47CC4E585D /* CollectionFoldablePlugin.swift */,
				46E8EFB3C6BAD3AB65C99A4E /* CollectionPaginatablePlugin.swift */,
				00397F6B4902B37843C8C0CF /* CollectionPrefetcherablePlugin.swift */,
				826F9DC6C9260E6B78AD6D92 /* CollectionPrefetchProxyPlugin.swift */,
				2C1092BC9E825AB66555688D /* CollectionRefreshablePlugin.swift */,
				D1078B9C07791E5D5E7C3557 /* CollectionScrollablePlugin.swift */,
				CB60B49B20244AE9258C1A17 /* CollectionScrollViewDelegateProxyPlugin.swift */,
				BABBD4B4A55A90262F26FF77 /* CollectionSelectablePlugin.swift */,
				2794A72D03CC34EAB636D15E /* CollectionSelectedItemScrollablePlugin.swift */,
			);
			path = PluginAction;
			sourceTree = "<group>";
		};
		81587DDB2B1513692812BDE8 /* Source */ = {
			isa = PBXGroup;
			children = (
				541729A882381B290F04154F /* Collection */,
				836365E89537F3A370FF42BC /* Models */,
				4F976C89B581915E384D0A8E /* Protocols */,
				CE78A64118953BB0F6A0CCFF /* Stack */,
				AAC1F935B1C67CFABBE7753E /* Table */,
				B53C25BB527110DC62F44CDF /* Utils */,
			);
			path = Source;
			sourceTree = "<group>";
		};
		836365E89537F3A370FF42BC /* Models */ = {
			isa = PBXGroup;
			children = (
				0CBF24B34CD888E8A96CCD4A /* CellRegisterType.swift */,
				A6240F096FE4C04570FA9FDC /* PrefetchEvent.swift */,
				8EB5399A085AABE654E8B23C /* ScrollDirection.swift */,
				FD1D809AC0EC51463E4A93D8 /* ScrollEvent.swift */,
			);
			path = Models;
			sourceTree = "<group>";
		};
		8524EF42F3BDDFC7CAF1BDF4 /* Plugins */ = {
			isa = PBXGroup;
			children = (
				9DF193E8A70D0B443F92CACB /* FeaturePlugin */,
				7AF0BA3C421D10B575284D12 /* PluginAction */,
			);
			path = Plugins;
			sourceTree = "<group>";
		};
		8E583FAF27D7F5B20662703F /* Products */ = {
			isa = PBXGroup;
			children = (
				60EE49AED3D5DED8A60F7B2A /* ReactiveDataDisplayManager.framework */,
				402D5CEFB8C0EF82F777E987 /* ReactiveDataDisplayManagerTests.xctest */,
			);
			name = Products;
			sourceTree = "<group>";
		};
		90241BC31E382BC50CECD3D3 /* Deprecated */ = {
			isa = PBXGroup;
			children = (
				E88EAF1AAEC0FAEFC123AC9F /* CalculatableSize.swift */,
				AE452F1BC75AD3E975C5C935 /* Configurable.swift */,
				AC8C175D2A03DC50EEBA23F9 /* SizableCollectionCellGenerator.swift */,
			);
			path = Deprecated;
			sourceTree = "<group>";
		};
		908B641C201CA97BAE767EC5 /* Collection */ = {
			isa = PBXGroup;
			children = (
				4C362D121AAFB2B2261B67F6 /* CollectionScrollProvider.swift */,
			);
			path = Collection;
			sourceTree = "<group>";
		};
		950F7B747F36CBF7556BB5C5 = {
			isa = PBXGroup;
			children = (
				64EEF09EC53E38B3F5CE33EC /* ReactiveDataDisplayManagerTests */,
				81587DDB2B1513692812BDE8 /* Source */,
				CFEE833B745C98DC4F06F8C3 /* Frameworks */,
				8E583FAF27D7F5B20662703F /* Products */,
			);
			sourceTree = "<group>";
		};
		976D40303BACC78950D65D4B /* Manager */ = {
			isa = PBXGroup;
			children = (
				A027B8496C59C5A73D990C54 /* BaseCollectionManager.swift */,
			);
			path = Manager;
			sourceTree = "<group>";
		};
		9DBE9C9D32E0F7BD55D0A0F3 /* DataSource */ = {
			isa = PBXGroup;
			children = (
				EDD883BF885218E2B74454DA /* BaseTableDataSource.swift */,
				895FDF47F9A685CB797DA179 /* TableDataSource.swift */,
				267336748FEC9B13DC54BBD7 /* TableGeneratorsProvider.swift */,
			);
			path = DataSource;
			sourceTree = "<group>";
		};
		9DF193E8A70D0B443F92CACB /* FeaturePlugin */ = {
			isa = PBXGroup;
			children = (
				2B75A7020583C7DAAFE5D73E /* CollectionFeaturePlugin.swift */,
				C118AECA54AA3D2FF2F454B6 /* CollectionItemTitleDisplayablePlugin.swift */,
			);
			path = FeaturePlugin;
			sourceTree = "<group>";
		};
		A1EB16E56363DA0890EA5379 /* Delegate */ = {
			isa = PBXGroup;
			children = (
				D99B746E73F4495B4C98E04A /* BaseTableDelegate.swift */,
				8384E7A5B028DF512E2960F8 /* TableDelegate.swift */,
			);
			path = Delegate;
			sourceTree = "<group>";
		};
		AAC1F935B1C67CFABBE7753E /* Table */ = {
			isa = PBXGroup;
			children = (
				FA661F128A63651DD962E517 /* Table+RDDM.swift */,
				F3A0723C41A0762651E035DA /* TableCell+RDDM.swift */,
				ED5D5C77D8090767D5A7B05C /* Animator */,
				9DBE9C9D32E0F7BD55D0A0F3 /* DataSource */,
				A1EB16E56363DA0890EA5379 /* Delegate */,
				4A1C04B48BF443046ECCD65F /* Deprecated */,
				000BE89B56A6F4CD291D26A6 /* Events */,
				239F021B293B11CDA6FC9A6B /* Generators */,
				061609D764C2E840E7C6D3AD /* Manager */,
				D5BE436A966C37CB81C0DF4E /* Plugins */,
			);
			path = Table;
			sourceTree = "<group>";
		};
		AC73C243BE9F03720220F254 /* FeaturePlugin */ = {
			isa = PBXGroup;
			children = (
				23FDB877F58BA9108A95703B /* FeaturePlugin.swift */,
				B4C7F0B54924C779B5BF358B /* TableFeaturePlugin */,
			);
			path = FeaturePlugin;
			sourceTree = "<group>";
		};
		B4C7F0B54924C779B5BF358B /* TableFeaturePlugin */ = {
			isa = PBXGroup;
			children = (
				81A3039B0AEA3B69AE6AD5EF /* TableMovable.swift */,
				0C48810544E83BFE430D8C0D /* TableSectionTitleDisplayable.swift */,
				E4F4B80C0096B8135E10035A /* TableSwipeActionsConfigurable.swift */,
			);
			path = TableFeaturePlugin;
			sourceTree = "<group>";
		};
		B4DFD23C075EBAF701DD8D9A /* Animator */ = {
			isa = PBXGroup;
			children = (
				6E37550AE29A4D304F333F31 /* CollectionBatchUpdatesAnimator.swift */,
			);
			path = Animator;
			sourceTree = "<group>";
		};
		B53C25BB527110DC62F44CDF /* Utils */ = {
			isa = PBXGroup;
			children = (
				9373CF21992ACAF75BED6839 /* Event.swift */,
				F1A91FB41BF3B0B8A2979694 /* Extensions.swift */,
				10414AD3BB6CC073ACF45D67 /* FatalErrorUtil.swift */,
			);
			path = Utils;
			sourceTree = "<group>";
		};
		B5A5194AB0570CA2DDE9509A /* Animator */ = {
			isa = PBXGroup;
			children = (
				247D90B27F7B0F9C62593597 /* Animator.swift */,
			);
			path = Animator;
			sourceTree = "<group>";
		};
		CA24AB7A5A69F9222F326A1A /* FeaturePlugin */ = {
			isa = PBXGroup;
			children = (
				DA7F6332086B6ECB83C4C23C /* TableFeaturePlugin.swift */,
				04826D8433600033861CBE01 /* TableMovablePlugin.swift */,
				B1AC3157C4EFDBBD0A6F07CF /* TableSectionTitleDisplayablePlugin.swift */,
				51D967F58F9C351CCF5D7B4D /* TableSwipeActionsConfigurationPlugin */,
			);
			path = FeaturePlugin;
			sourceTree = "<group>";
		};
		CE78A64118953BB0F6A0CCFF /* Stack */ = {
			isa = PBXGroup;
			children = (
				8AB15049C3CF350EB527C810 /* Stack+RDDM.swift */,
				693D5446F63554917C2E99C7 /* Deprecated */,
				1BA9A0EAEBE98994294CE91C /* Manager */,
			);
			path = Stack;
			sourceTree = "<group>";
		};
		CFEE833B745C98DC4F06F8C3 /* Frameworks */ = {
			isa = PBXGroup;
			children = (
				02E8001091BE7A1E8E249055 /* UIKit.framework */,
			);
			name = Frameworks;
			sourceTree = "<group>";
		};
		D5BE436A966C37CB81C0DF4E /* Plugins */ = {
			isa = PBXGroup;
			children = (
				CA24AB7A5A69F9222F326A1A /* FeaturePlugin */,
				492D8571B3DD7BAB0F8F3DC9 /* PluginAction */,
			);
			path = Plugins;
			sourceTree = "<group>";
		};
		E864FB22A4AAC7D20E65E21A /* Generators */ = {
			isa = PBXGroup;
			children = (
				22EEE38A919848A7A3E80DAA /* CalculatableSizeItem.swift */,
				9BC8419F5D33C0C4FDEF350F /* ConfigurableItem.swift */,
				9DEFF95D7ADF882F5D7ABAD8 /* DeletableItem.swift */,
				DED8CF6540B9EC7F1C1A3C00 /* DisplayableItem.swift */,
				C89101ED16FEE7833A0BA045 /* FoldableItem.swift */,
				75FAEA50A690136FA8CC707C /* Gravity.swift */,
				422E0E0BEE50F41637F00B78 /* IndexTitleDisplaybleItem.swift */,
				5D412694D2BF33F0DE836632 /* MovableItem.swift */,
				ACFCDDC83A1CEA96AF0DC405 /* PrefetcherableItem.swift */,
				5E2450325AF42511749AE2BB /* SelectableItem.swift */,
				517FE317E96300002EBB05AD /* SizableItem.swift */,
				F2B8C75E9350423CACD842F7 /* SwipeableItem.swift */,
			);
			path = Generators;
			sourceTree = "<group>";
		};
		ED5D5C77D8090767D5A7B05C /* Animator */ = {
			isa = PBXGroup;
			children = (
				6ED2FBE3C9A43D8D378B429E /* TableBatchUpdatesAnimator.swift */,
				03D07200328A3CE252AF95E3 /* TableUpdatesAnimator.swift */,
			);
			path = Animator;
			sourceTree = "<group>";
		};
		F5AA1F2D2D3BE1355C042604 /* Generators */ = {
			isa = PBXGroup;
			children = (
				7868DD732F641D23BDE034B5 /* BaseCollectionCellGenerator.swift */,
				DFAA3AC3EADDFDDDEE0D460A /* CalculatableHeightCollectionCellGenerator.swift */,
				C5B2F13AB2F69D46CA6018C6 /* CalculatableWidthCollectionCellGenerator.swift */,
				1F708DAB36776815E30AA345 /* EmptyCollectionFooterGenarator.swift */,
				2D47D3A7F186E835B7A29DF9 /* EmptyCollectionHeaderGenerator.swift */,
			);
			path = Generators;
			sourceTree = "<group>";
		};
		F667033D3530071DD0C884EB /* Events */ = {
			isa = PBXGroup;
			children = (
				034FA2CCDBA7927D252ADF98 /* CollectionEvent.swift */,
			);
			path = Events;
			sourceTree = "<group>";
		};
/* End PBXGroup section */

/* Begin PBXNativeTarget section */
		385F6FEF3006B0FE2C1B2271 /* ReactiveDataDisplayManager */ = {
			isa = PBXNativeTarget;
			buildConfigurationList = E730CD0E8D167186335AD0AF /* Build configuration list for PBXNativeTarget "ReactiveDataDisplayManager" */;
			buildPhases = (
				5E12D91D09024C279432AE33 /* Sources */,
				7BA417602154E0F00306A019 /* Frameworks */,
			);
			buildRules = (
			);
			dependencies = (
			);
			name = ReactiveDataDisplayManager;
			productName = ReactiveDataDisplayManager;
			productReference = 60EE49AED3D5DED8A60F7B2A /* ReactiveDataDisplayManager.framework */;
			productType = "com.apple.product-type.framework";
		};
		8CD709AC9052D5B0E2B81602 /* ReactiveDataDisplayManagerTests */ = {
			isa = PBXNativeTarget;
			buildConfigurationList = CD547EE1FC131DB3B1BDC9B6 /* Build configuration list for PBXNativeTarget "ReactiveDataDisplayManagerTests" */;
			buildPhases = (
				73A7EFE9FCACEB5FE30B2EAC /* Sources */,
				8F5A8DFE1B39156B21782F0F /* Frameworks */,
				7FBD9D8B9C912BC4710D5BC4 /* Embed Frameworks */,
			);
			buildRules = (
			);
			dependencies = (
				F56B8BE4280088369183E992 /* PBXTargetDependency */,
			);
			name = ReactiveDataDisplayManagerTests;
			productName = ReactiveDataDisplayManagerTests;
			productReference = 402D5CEFB8C0EF82F777E987 /* ReactiveDataDisplayManagerTests.xctest */;
			productType = "com.apple.product-type.bundle.unit-test";
		};
/* End PBXNativeTarget section */

/* Begin PBXProject section */
		0A51161694BD963ABBC0E160 /* Project object */ = {
			isa = PBXProject;
			attributes = {
				LastUpgradeCheck = 1200;
				TargetAttributes = {
					385F6FEF3006B0FE2C1B2271 = {
						ProvisioningStyle = Automatic;
					};
				};
			};
			buildConfigurationList = 9B247EC2B1DF25C74CA6BB57 /* Build configuration list for PBXProject "ReactiveDataDisplayManager" */;
			compatibilityVersion = "Xcode 10.0";
			developmentRegion = en;
			hasScannedForEncodings = 0;
			knownRegions = (
				Base,
				en,
			);
			mainGroup = 950F7B747F36CBF7556BB5C5;
			projectDirPath = "";
			projectRoot = "";
			targets = (
				385F6FEF3006B0FE2C1B2271 /* ReactiveDataDisplayManager */,
				8CD709AC9052D5B0E2B81602 /* ReactiveDataDisplayManagerTests */,
			);
		};
/* End PBXProject section */

/* Begin PBXSourcesBuildPhase section */
		5E12D91D09024C279432AE33 /* Sources */ = {
			isa = PBXSourcesBuildPhase;
			buildActionMask = 2147483647;
			files = (
				5B750F268BCC50F4606FB6E2 /* Animator.swift in Sources */,
				10146560C685F3BE55469411 /* BaseCellGenerator.swift in Sources */,
				15998A73DB0CDABB7D577780 /* BaseCollectionCellGenerator.swift in Sources */,
				1DA12CCCF34A78081E4492BC /* BaseCollectionDataDisplayManager.swift in Sources */,
				336DE4BC033666190034BF8E /* BaseCollectionDataSource.swift in Sources */,
				07CC3F8BD002B1FE2BBB6B08 /* BaseCollectionDelegate.swift in Sources */,
				57409FB4C0BE160196B90F55 /* BaseCollectionManager.swift in Sources */,
				E0D8D3C49F927220C73338DA /* BaseCollectionPlugin.swift in Sources */,
				B096ED89E22B685EA455ED88 /* BaseNonReusableCellGenerator.swift in Sources */,
				FF34FBBB70F846E9B9B16FBC /* BaseStackDataDisplayManager.swift in Sources */,
				8E440B53FAB2693EA0203B97 /* BaseStackManager.swift in Sources */,
				0C98FF2CC066D038AB89C682 /* BaseTableDataDisplayManager.swift in Sources */,
				A5F996E56F2C979974C94AE6 /* BaseTableDataSource.swift in Sources */,
				D874A2861FFF5A5415A35776 /* BaseTableDelegate.swift in Sources */,
				7D43B750656874B7DEFECDAF /* BaseTableManager.swift in Sources */,
				9D5A8DFA46F07D8527311781 /* BaseTablePlugin.swift in Sources */,
				AB2D989745D4C0200C33178B /* CalculatableHeightCellGenerator.swift in Sources */,
				1521FB6D3B75EE3CB51E8228 /* CalculatableHeightCollectionCellGenerator.swift in Sources */,
				E1897C928A95EEAF1DE1EEC9 /* CalculatableHeightNonReusableCellGenerator.swift in Sources */,
				1DE4647FDE75BDDB83031187 /* CalculatableSize.swift in Sources */,
				3F1AB9CCCE821EBFC64CAA7A /* CalculatableSizeItem.swift in Sources */,
				107F9BEFD2BDBC1F460C0D1F /* CalculatableWidthCollectionCellGenerator.swift in Sources */,
				4E63F095068C49860EB8055B /* CellRegisterType.swift in Sources */,
				D65B99A6E8E51241C5CED9EB /* Collection+RDDM.swift in Sources */,
				3C228962FABC9D81F511EED9 /* CollectionBatchUpdatesAnimator.swift in Sources */,
				A97EAA39DB85ACD732EED524 /* CollectionCell+RDDM.swift in Sources */,
				84DB704A3FD2A4A9D7511380 /* CollectionDataSource.swift in Sources */,
				2655E8A4C5268BE8E36F5437 /* CollectionDelegate.swift in Sources */,
				54CD0F9370ECF6AF99F9FB8E /* CollectionEvent.swift in Sources */,
				CAB7C6D1F1CD9E414FD92E16 /* CollectionFeaturePlugin.swift in Sources */,
				8B8609450D2AC65161AE50C3 /* CollectionFoldableItem.swift in Sources */,
				854ED854883E4FAF7F5DD3BB /* CollectionFoldablePlugin.swift in Sources */,
				9A122701315F347B104D6A7C /* CollectionGeneratorsProvider.swift in Sources */,
				CAF183465A2DD9020CBFE640 /* CollectionItemTitleDisplayable.swift in Sources */,
				9D1CC0579D8B599C64626E53 /* CollectionItemTitleDisplayablePlugin.swift in Sources */,
				BA741F0BD1A0471CA1FD268A /* CollectionPaginatablePlugin.swift in Sources */,
				D28512D11261B60A2F68DC87 /* CollectionPrefetchProxyPlugin.swift in Sources */,
				54F4AFFF1EEFD0E2FDECAFB7 /* CollectionPrefetcherablePlugin.swift in Sources */,
				E3CAC652EFDEABECA5196342 /* CollectionRefreshablePlugin.swift in Sources */,
				216FBA0F3212AA0AA688BBC6 /* CollectionScrollProvider.swift in Sources */,
				E5140225B79AB3B6DFC86E5C /* CollectionScrollViewDelegateProxyPlugin.swift in Sources */,
				888D38F011DBA600FCC5B929 /* CollectionScrollablePlugin.swift in Sources */,
				00E3557767330928BE22C5A3 /* CollectionSelectablePlugin.swift in Sources */,
				370B991BB57E54E087536652 /* CollectionSelectedItemScrollablePlugin.swift in Sources */,
				FCC8B5541B19E533534E724A /* Configurable.swift in Sources */,
				6260E859BC341AA7959EFAEC /* ConfigurableItem.swift in Sources */,
				5801441139C90CD4830EAD87 /* DataDisplayCompatible.swift in Sources */,
				473F240A8561A992773D4E4F /* DataDisplayConstructable.swift in Sources */,
				7C6D1AE1BD6E0BD8E9F55711 /* DataDisplayManager.swift in Sources */,
				E2EBFC06CD3B3C99D1777407 /* DataDisplayWrapper.swift in Sources */,
				DB3D7847CFF3AED602A98C59 /* DeletableItem.swift in Sources */,
				93CD06A08811ED18ACF5FCDE /* DisplayableItem.swift in Sources */,
				17E2EA49884D7B208FDE29A3 /* EmptyCollectionFooterGenarator.swift in Sources */,
				DBBB266AF496D2AC36703D57 /* EmptyCollectionHeaderGenerator.swift in Sources */,
				67347735ABC58AF98CE6EB27 /* EmptyGravityTableHeaderGenerator.swift in Sources */,
				52D10FDF9249067BA0E2497A /* EmptyHeaderGenerator.swift in Sources */,
				5AA184E6F716FFAC05B0672E /* Event.swift in Sources */,
				57C6EB206300AE1288A1C5EB /* ExtendableBaseTableDataDisplayManager.swift in Sources */,
				8C8034F35955722C45A5A306 /* Extensions.swift in Sources */,
				3A8044121A12E00819D46B86 /* FatalErrorUtil.swift in Sources */,
				53B5694E1A1F94093655213C /* FeaturePlugin.swift in Sources */,
				F7B16748375C3EFE2B096320 /* FlowCollectionDelegate.swift in Sources */,
				B104C531FD3F87C4B0297367 /* FoldableItem.swift in Sources */,
				5788B141230FE3165D18E375 /* FoldingTableDataDisplayManager.swift in Sources */,
				177131A07EC95DA36F8A4D9F /* FooterDataDisplayManager.swift in Sources */,
				C0B4988579269BA01EDD4F1C /* Gravity.swift in Sources */,
				7A1031F2412D7BAB494B9F0A /* GravityFoldingTableDataDisplayManager.swift in Sources */,
				D8153A20FC05BE3288EF0AA3 /* GravityTableDataDisplayManager.swift in Sources */,
				FE2403E65C05B83BB394FC95 /* GravityTableManager.swift in Sources */,
				2F0D8711922B0334D439AA62 /* HeaderDataDisplayManager.swift in Sources */,
				EDB283561E71E3FEDEF25C13 /* IndexTitleDisplaybleItem.swift in Sources */,
				60A2304838070F80479104C6 /* ManualTableManager.swift in Sources */,
				6EF53F33C987456049F79C67 /* MovableItem.swift in Sources */,
				4D8F9656B8B67A05C12C9CA2 /* Operations.swift in Sources */,
				4D0710A517FFF14F8AFD5F96 /* PaginableBaseTableDataDisplayManager.swift in Sources */,
				A7449DB8ED711ACD6C9520A3 /* Plugin.swift in Sources */,
				8F0C720EDBAC0F39644AA419 /* PluginCollection.swift in Sources */,
				CCB9DF666CABF66149DA23C9 /* PrefetchEvent.swift in Sources */,
				890C96D8A0CA99A24FD26598 /* PrefetcherableItem.swift in Sources */,
				9172F88EDE4F4D043925F251 /* Protocols.swift in Sources */,
				CFF2ED08FC149974277511E9 /* ScrollDirection.swift in Sources */,
				FE194393C1799F24D6BAD00B /* ScrollEvent.swift in Sources */,
				FFB5101428B219232BF9214D /* SelectableItem.swift in Sources */,
				94E00AC09C4EC04662571184 /* SizableCollectionCellGenerator.swift in Sources */,
				B2D04A0AE3C10B8D940FA6D5 /* SizableCollectionDataDisplayManager.swift in Sources */,
				3D16BCC4DCD30927F8C22645 /* SizableItem.swift in Sources */,
				7F8E8D584180BEAF85856750 /* Stack+RDDM.swift in Sources */,
				DD5AB62C237C40A433ED9FEA /* SwipeableItem.swift in Sources */,
				7E49C8EE7810D8994607C8EF /* Table+RDDM.swift in Sources */,
				39F6E30106CFA904CE8A79B4 /* TableBatchUpdatesAnimator.swift in Sources */,
				D993F72350D5FBCF35CDDC29 /* TableCell+RDDM.swift in Sources */,
				479A106D31C854760CB42270 /* TableDataSource.swift in Sources */,
				BD71FA3E8FB6C8B6779FD0B1 /* TableDelegate.swift in Sources */,
				148917D940FA8E71AAAD905F /* TableDirectionScrollablePlugin.swift in Sources */,
				98DA43B6D99609DFA73A0DD3 /* TableDisplayablePlugin.swift in Sources */,
				E6E11BA6BB5AE1E9C2F6C3AD /* TableEvent.swift in Sources */,
				44B55FCFA7BDECA79BBC73D7 /* TableFeaturePlugin.swift in Sources */,
				11E681DDE62FAF7CE0723082 /* TableFoldablePlugin.swift in Sources */,
				15B471F82E3425E6D3AA0592 /* TableGeneratorsProvider.swift in Sources */,
				F041C54AA40B0C2BDAD68228 /* TableHeaderVisiblePlugin.swift in Sources */,
				C0A7AA0F05C3FCA4AF66B7A7 /* TableLastCellIsVisiblePlugin.swift in Sources */,
				51E90E8E5003B40A5D63D306 /* TableMovable.swift in Sources */,
				FD8FF91F3E1C4743AD36A870 /* TableMovablePlugin.swift in Sources */,
				D7DB42F0D7D5B0F97662EFE7 /* TablePaginatablePlugin.swift in Sources */,
				0F3B6C759BE4F325E868E153 /* TablePrefetchProxyPlugin.swift in Sources */,
				85DC22B85697439572F59D27 /* TablePrefetcherablePlugin.swift in Sources */,
				CE988B528F1575967A3D7DB0 /* TableRefreshablePlugin.swift in Sources */,
				3FE7DA86CFB79522CCEF78AB /* TableScrollViewDelegateProxyPlugin.swift in Sources */,
				983B3F65C82A5F65571F97A1 /* TableSectionTitleDisplayable.swift in Sources */,
				D4777CA66843B8AB651E3E28 /* TableSectionTitleDisplayablePlugin.swift in Sources */,
				712015D728FC66BDD5281431 /* TableSectionTitleWrapper.swift in Sources */,
				08E41AC400091B120C765642 /* TableSelectablePlugin.swift in Sources */,
				71237DF5D6DFC8E7678CD4F7 /* TableSwipeActionsConfigurable.swift in Sources */,
				84709AA6C65ECD096BD54091 /* TableSwipeActionsConfiguration.swift in Sources */,
				08657F3120DDD8624F1C8DCB /* TableSwipeActionsConfigurationPlugin.swift in Sources */,
				2931BF6F2246A364C86D4EB7 /* TableUpdatesAnimator.swift in Sources */,
			);
			runOnlyForDeploymentPostprocessing = 0;
		};
		73A7EFE9FCACEB5FE30B2EAC /* Sources */ = {
			isa = PBXSourcesBuildPhase;
			buildActionMask = 2147483647;
			files = (
				455A4D7ED32B0F6CFD13AE1B /* BaseCollectionDataDisplayManagerTests.swift in Sources */,
				288F07B941A06B6B7C63E134 /* BaseStackDataDisplatManagerTests.swift in Sources */,
				897EDA95D082956A0192BD1D /* BaseTableDataDisplayManagerTests.swift in Sources */,
				E1DB2FD785CCE2D58B577B14 /* FoldingTableDataDisplayManagerTests.swift in Sources */,
				F824C9601E67AE5C5B29A6F1 /* GravityFoldingHeaderGenerator.swift in Sources */,
				54B6D654FA3F8EC77CDF53F5 /* XCTestCase+FatalError.swift in Sources */,
			);
			runOnlyForDeploymentPostprocessing = 0;
		};
/* End PBXSourcesBuildPhase section */

/* Begin PBXTargetDependency section */
		F56B8BE4280088369183E992 /* PBXTargetDependency */ = {
			isa = PBXTargetDependency;
			target = 385F6FEF3006B0FE2C1B2271 /* ReactiveDataDisplayManager */;
			targetProxy = 2EDAD76D332CB11E9C3CDA74 /* PBXContainerItemProxy */;
		};
/* End PBXTargetDependency section */

/* Begin XCBuildConfiguration section */
		16710D4729CFB9DB041ADFD3 /* Debug */ = {
			isa = XCBuildConfiguration;
			buildSettings = {
				BUNDLE_LOADER = "$(TEST_HOST)";
				"EXCLUDED_ARCHS[sdk=iphonesimulator*]" = arm64;
				INFOPLIST_FILE = ReactiveDataDisplayManagerTests/Info.plist;
				IPHONEOS_DEPLOYMENT_TARGET = 10.0;
				LD_RUNPATH_SEARCH_PATHS = (
					"$(inherited)",
					"@executable_path/Frameworks",
					"@loader_path/Frameworks",
				);
				SDKROOT = iphoneos;
				TARGETED_DEVICE_FAMILY = "1,2";
			};
			name = Debug;
		};
		3ACDBA0E6C964439E146A1E3 /* Release */ = {
			isa = XCBuildConfiguration;
			buildSettings = {
				BUNDLE_LOADER = "$(TEST_HOST)";
				INFOPLIST_FILE = ReactiveDataDisplayManagerTests/Info.plist;
				IPHONEOS_DEPLOYMENT_TARGET = 10.0;
				LD_RUNPATH_SEARCH_PATHS = (
					"$(inherited)",
					"@executable_path/Frameworks",
					"@loader_path/Frameworks",
				);
				SDKROOT = iphoneos;
				TARGETED_DEVICE_FAMILY = "1,2";
			};
			name = Release;
		};
		52FD2D2BBEE9FF24E0C01C02 /* Release */ = {
			isa = XCBuildConfiguration;
			buildSettings = {
				ALWAYS_SEARCH_USER_PATHS = NO;
				CLANG_ANALYZER_NONNULL = YES;
				CLANG_ANALYZER_NUMBER_OBJECT_CONVERSION = YES_AGGRESSIVE;
				CLANG_CXX_LANGUAGE_STANDARD = "gnu++14";
				CLANG_CXX_LIBRARY = "libc++";
				CLANG_ENABLE_MODULES = YES;
				CLANG_ENABLE_OBJC_ARC = YES;
				CLANG_ENABLE_OBJC_WEAK = YES;
				CLANG_WARN_BLOCK_CAPTURE_AUTORELEASING = YES;
				CLANG_WARN_BOOL_CONVERSION = YES;
				CLANG_WARN_COMMA = YES;
				CLANG_WARN_CONSTANT_CONVERSION = YES;
				CLANG_WARN_DEPRECATED_OBJC_IMPLEMENTATIONS = YES;
				CLANG_WARN_DIRECT_OBJC_ISA_USAGE = YES_ERROR;
				CLANG_WARN_DOCUMENTATION_COMMENTS = YES;
				CLANG_WARN_EMPTY_BODY = YES;
				CLANG_WARN_ENUM_CONVERSION = YES;
				CLANG_WARN_INFINITE_RECURSION = YES;
				CLANG_WARN_INT_CONVERSION = YES;
				CLANG_WARN_NON_LITERAL_NULL_CONVERSION = YES;
				CLANG_WARN_OBJC_IMPLICIT_RETAIN_SELF = YES;
				CLANG_WARN_OBJC_LITERAL_CONVERSION = YES;
				CLANG_WARN_OBJC_ROOT_CLASS = YES_ERROR;
				CLANG_WARN_QUOTED_INCLUDE_IN_FRAMEWORK_HEADER = YES;
				CLANG_WARN_RANGE_LOOP_ANALYSIS = YES;
				CLANG_WARN_STRICT_PROTOTYPES = YES;
				CLANG_WARN_SUSPICIOUS_MOVE = YES;
				CLANG_WARN_UNGUARDED_AVAILABILITY = YES_AGGRESSIVE;
				CLANG_WARN_UNREACHABLE_CODE = YES;
				CLANG_WARN__DUPLICATE_METHOD_MATCH = YES;
				COPY_PHASE_STRIP = NO;
				DEBUG_INFORMATION_FORMAT = "dwarf-with-dsym";
				ENABLE_NS_ASSERTIONS = NO;
				ENABLE_STRICT_OBJC_MSGSEND = YES;
				GCC_C_LANGUAGE_STANDARD = gnu11;
				GCC_NO_COMMON_BLOCKS = YES;
				GCC_WARN_64_TO_32_BIT_CONVERSION = YES;
				GCC_WARN_ABOUT_RETURN_TYPE = YES_ERROR;
				GCC_WARN_UNDECLARED_SELECTOR = YES;
				GCC_WARN_UNINITIALIZED_AUTOS = YES_AGGRESSIVE;
				GCC_WARN_UNUSED_FUNCTION = YES;
				GCC_WARN_UNUSED_VARIABLE = YES;
				MTL_ENABLE_DEBUG_INFO = NO;
				MTL_FAST_MATH = YES;
				PRODUCT_NAME = "$(TARGET_NAME)";
				SDKROOT = iphoneos;
				SWIFT_COMPILATION_MODE = wholemodule;
				SWIFT_OPTIMIZATION_LEVEL = "-O";
				SWIFT_VERSION = 5.0;
			};
			name = Release;
		};
		648C96FC17AE3F26799D43B6 /* Release */ = {
			isa = XCBuildConfiguration;
			buildSettings = {
				CODE_SIGN_IDENTITY = "iPhone Developer";
				CODE_SIGN_STYLE = Automatic;
				CURRENT_PROJECT_VERSION = 0;
				DEBUG_INFORMATION_FORMAT = "dwarf-with-dsym";
				DEFINES_MODULE = YES;
				DYLIB_COMPATIBILITY_VERSION = 1;
				DYLIB_CURRENT_VERSION = 1;
				DYLIB_INSTALL_NAME_BASE = "@rpath";
				INFOPLIST_FILE = Info.plist;
				INSTALL_PATH = "$(LOCAL_LIBRARY_DIR)/Frameworks";
				IPHONEOS_DEPLOYMENT_TARGET = 10.0;
				LD_RUNPATH_SEARCH_PATHS = "$(inherited) @executable_path/Frameworks @loader_path/Frameworks";
				MARKETING_VERSION = 7.0.0;
				PRODUCT_BUNDLE_IDENTIFIER = ru.surfstudio.rddm;
				SDKROOT = iphoneos;
				SKIP_INSTALL = YES;
				TARGETED_DEVICE_FAMILY = "1,2";
				VERSIONING_SYSTEM = "apple-generic";
			};
			name = Release;
		};
		80322973372E53BD03988D4A /* Debug */ = {
			isa = XCBuildConfiguration;
			buildSettings = {
				CODE_SIGN_IDENTITY = "iPhone Developer";
				CODE_SIGN_STYLE = Automatic;
				CURRENT_PROJECT_VERSION = 0;
				DEBUG_INFORMATION_FORMAT = "dwarf-with-dsym";
				DEFINES_MODULE = YES;
				DYLIB_COMPATIBILITY_VERSION = 1;
				DYLIB_CURRENT_VERSION = 1;
				DYLIB_INSTALL_NAME_BASE = "@rpath";
				INFOPLIST_FILE = Info.plist;
				INSTALL_PATH = "$(LOCAL_LIBRARY_DIR)/Frameworks";
				IPHONEOS_DEPLOYMENT_TARGET = 10.0;
				LD_RUNPATH_SEARCH_PATHS = "$(inherited) @executable_path/Frameworks @loader_path/Frameworks";
				MARKETING_VERSION = 7.0.0;
				PRODUCT_BUNDLE_IDENTIFIER = ru.surfstudio.rddm;
				SDKROOT = iphoneos;
				SKIP_INSTALL = YES;
				TARGETED_DEVICE_FAMILY = "1,2";
				VERSIONING_SYSTEM = "apple-generic";
			};
			name = Debug;
		};
		B3160D0E47F147647F081EA7 /* Debug */ = {
			isa = XCBuildConfiguration;
			buildSettings = {
				ALWAYS_SEARCH_USER_PATHS = NO;
				CLANG_ANALYZER_NONNULL = YES;
				CLANG_ANALYZER_NUMBER_OBJECT_CONVERSION = YES_AGGRESSIVE;
				CLANG_CXX_LANGUAGE_STANDARD = "gnu++14";
				CLANG_CXX_LIBRARY = "libc++";
				CLANG_ENABLE_MODULES = YES;
				CLANG_ENABLE_OBJC_ARC = YES;
				CLANG_ENABLE_OBJC_WEAK = YES;
				CLANG_WARN_BLOCK_CAPTURE_AUTORELEASING = YES;
				CLANG_WARN_BOOL_CONVERSION = YES;
				CLANG_WARN_COMMA = YES;
				CLANG_WARN_CONSTANT_CONVERSION = YES;
				CLANG_WARN_DEPRECATED_OBJC_IMPLEMENTATIONS = YES;
				CLANG_WARN_DIRECT_OBJC_ISA_USAGE = YES_ERROR;
				CLANG_WARN_DOCUMENTATION_COMMENTS = YES;
				CLANG_WARN_EMPTY_BODY = YES;
				CLANG_WARN_ENUM_CONVERSION = YES;
				CLANG_WARN_INFINITE_RECURSION = YES;
				CLANG_WARN_INT_CONVERSION = YES;
				CLANG_WARN_NON_LITERAL_NULL_CONVERSION = YES;
				CLANG_WARN_OBJC_IMPLICIT_RETAIN_SELF = YES;
				CLANG_WARN_OBJC_LITERAL_CONVERSION = YES;
				CLANG_WARN_OBJC_ROOT_CLASS = YES_ERROR;
				CLANG_WARN_QUOTED_INCLUDE_IN_FRAMEWORK_HEADER = YES;
				CLANG_WARN_RANGE_LOOP_ANALYSIS = YES;
				CLANG_WARN_STRICT_PROTOTYPES = YES;
				CLANG_WARN_SUSPICIOUS_MOVE = YES;
				CLANG_WARN_UNGUARDED_AVAILABILITY = YES_AGGRESSIVE;
				CLANG_WARN_UNREACHABLE_CODE = YES;
				CLANG_WARN__DUPLICATE_METHOD_MATCH = YES;
				COPY_PHASE_STRIP = NO;
				DEBUG_INFORMATION_FORMAT = dwarf;
				ENABLE_STRICT_OBJC_MSGSEND = YES;
				ENABLE_TESTABILITY = YES;
				GCC_C_LANGUAGE_STANDARD = gnu11;
				GCC_DYNAMIC_NO_PIC = NO;
				GCC_NO_COMMON_BLOCKS = YES;
				GCC_OPTIMIZATION_LEVEL = 0;
				GCC_PREPROCESSOR_DEFINITIONS = (
					"$(inherited)",
					"DEBUG=1",
				);
				GCC_WARN_64_TO_32_BIT_CONVERSION = YES;
				GCC_WARN_ABOUT_RETURN_TYPE = YES_ERROR;
				GCC_WARN_UNDECLARED_SELECTOR = YES;
				GCC_WARN_UNINITIALIZED_AUTOS = YES_AGGRESSIVE;
				GCC_WARN_UNUSED_FUNCTION = YES;
				GCC_WARN_UNUSED_VARIABLE = YES;
				MTL_ENABLE_DEBUG_INFO = INCLUDE_SOURCE;
				MTL_FAST_MATH = YES;
				ONLY_ACTIVE_ARCH = YES;
				PRODUCT_NAME = "$(TARGET_NAME)";
				SDKROOT = iphoneos;
				SWIFT_ACTIVE_COMPILATION_CONDITIONS = DEBUG;
				SWIFT_OPTIMIZATION_LEVEL = "-Onone";
				SWIFT_VERSION = 5.0;
			};
			name = Debug;
		};
/* End XCBuildConfiguration section */

/* Begin XCConfigurationList section */
		9B247EC2B1DF25C74CA6BB57 /* Build configuration list for PBXProject "ReactiveDataDisplayManager" */ = {
			isa = XCConfigurationList;
			buildConfigurations = (
				B3160D0E47F147647F081EA7 /* Debug */,
				52FD2D2BBEE9FF24E0C01C02 /* Release */,
			);
			defaultConfigurationIsVisible = 0;
			defaultConfigurationName = Debug;
		};
		CD547EE1FC131DB3B1BDC9B6 /* Build configuration list for PBXNativeTarget "ReactiveDataDisplayManagerTests" */ = {
			isa = XCConfigurationList;
			buildConfigurations = (
				16710D4729CFB9DB041ADFD3 /* Debug */,
				3ACDBA0E6C964439E146A1E3 /* Release */,
			);
			defaultConfigurationIsVisible = 0;
			defaultConfigurationName = Debug;
		};
		E730CD0E8D167186335AD0AF /* Build configuration list for PBXNativeTarget "ReactiveDataDisplayManager" */ = {
			isa = XCConfigurationList;
			buildConfigurations = (
				80322973372E53BD03988D4A /* Debug */,
				648C96FC17AE3F26799D43B6 /* Release */,
			);
			defaultConfigurationIsVisible = 0;
			defaultConfigurationName = Debug;
		};
/* End XCConfigurationList section */
	};
	rootObject = 0A51161694BD963ABBC0E160 /* Project object */;
}
