{
  "object": {
    "pins": [
      {
        "package": "ReactiveDataDisplayManager",
        "repositoryURL": "https://github.com/surfstudio/ReactiveDataDisplayManager",
        "state": {
          "branch": "feature/spm-support",
          "revision": "fbfe3bab3c1131c346294aca191a831b46c08681",
          "version": null
        }
      }
    ]
  },
  "version": 1
}
