{
  "object": {
    "pins": [
      {
        "package": "ReactiveDataDisplayManager",
        "repositoryURL": "https://github.com/surfstudio/ReactiveDataDisplayManager",
        "state": {
          "branch": "feature/spm-support",
          "revision": "d559e6abee5330965b2984ecb920260f4a6c8ebf",
          "version": null
        }
      }
    ]
  },
  "version": 1
}
