// !$*UTF8*$!
{
	archiveVersion = 1;
	classes = {
	};
	objectVersion = 46;
	objects = {

/* Begin PBXBuildFile section */
		4F21F8481F30380B005E9CB5 /* Assets.xcassets in Resources */ = {isa = PBXBuildFile; fileRef = 4F21F8471F30380B005E9CB5 /* Assets.xcassets */; };
		4F21F84B1F30380B005E9CB5 /* LaunchScreen.storyboard in Resources */ = {isa = PBXBuildFile; fileRef = 4F21F8491F30380B005E9CB5 /* LaunchScreen.storyboard */; };
		4F21F85B1F303A31005E9CB5 /* AppDelegate.swift in Sources */ = {isa = PBXBuildFile; fileRef = 4F21F8591F303A31005E9CB5 /* AppDelegate.swift */; };
		4F21F8641F303A4F005E9CB5 /* Extensions.swift in Sources */ = {isa = PBXBuildFile; fileRef = 4F21F8631F303A4F005E9CB5 /* Extensions.swift */; };
		4F21F8711F303CA0005E9CB5 /* TableScreenConfigurator.swift in Sources */ = {isa = PBXBuildFile; fileRef = 4F21F86B1F303CA0005E9CB5 /* TableScreenConfigurator.swift */; };
		4F21F8721F303CA0005E9CB5 /* TableViewController.swift in Sources */ = {isa = PBXBuildFile; fileRef = 4F21F86D1F303CA0005E9CB5 /* TableViewController.swift */; };
		4F21F8731F303CA0005E9CB5 /* TableViewController.xib in Resources */ = {isa = PBXBuildFile; fileRef = 4F21F86E1F303CA0005E9CB5 /* TableViewController.xib */; };
		4F21F8741F303CA0005E9CB5 /* TablePresenter.swift in Sources */ = {isa = PBXBuildFile; fileRef = 4F21F8701F303CA0005E9CB5 /* TablePresenter.swift */; };
		4F21F8761F303CD2005E9CB5 /* ViewInput.swift in Sources */ = {isa = PBXBuildFile; fileRef = 4F21F8751F303CD2005E9CB5 /* ViewInput.swift */; };
		4F21F87F1F303D87005E9CB5 /* User.swift in Sources */ = {isa = PBXBuildFile; fileRef = 4F21F87E1F303D87005E9CB5 /* User.swift */; };
		4F21F8861F3045B4005E9CB5 /* Event.swift in Sources */ = {isa = PBXBuildFile; fileRef = 4F21F8851F3045B4005E9CB5 /* Event.swift */; };
		4F21F8881F3045C3005E9CB5 /* BaseTableDataDisplayManager.swift in Sources */ = {isa = PBXBuildFile; fileRef = 4F21F8871F3045C3005E9CB5 /* BaseTableDataDisplayManager.swift */; };
		4F21F88A1F30696C005E9CB5 /* Protocols.swift in Sources */ = {isa = PBXBuildFile; fileRef = 4F21F8891F30696C005E9CB5 /* Protocols.swift */; };
		4F21F88C1F307025005E9CB5 /* PresenterOutput.swift in Sources */ = {isa = PBXBuildFile; fileRef = 4F21F88B1F307025005E9CB5 /* PresenterOutput.swift */; };
		4F21F8901F3072C5005E9CB5 /* TextWithLabelCell.xib in Resources */ = {isa = PBXBuildFile; fileRef = 4F21F88F1F3072C5005E9CB5 /* TextWithLabelCell.xib */; };
		4F21F8921F3072D0005E9CB5 /* TextWithLabelCell.swift in Sources */ = {isa = PBXBuildFile; fileRef = 4F21F8911F3072D0005E9CB5 /* TextWithLabelCell.swift */; };
		4F21F8941F307408005E9CB5 /* TextWithLabelGenerator.swift in Sources */ = {isa = PBXBuildFile; fileRef = 4F21F8931F307408005E9CB5 /* TextWithLabelGenerator.swift */; };
		4F21F8971F30EFB5005E9CB5 /* LabelGenerator.swift in Sources */ = {isa = PBXBuildFile; fileRef = 4F21F8961F30EFB5005E9CB5 /* LabelGenerator.swift */; };
		4F21F8991F30EFD5005E9CB5 /* LabelCell.swift in Sources */ = {isa = PBXBuildFile; fileRef = 4F21F8981F30EFD5005E9CB5 /* LabelCell.swift */; };
		4F21F89B1F30FC85005E9CB5 /* LabelCell.xib in Resources */ = {isa = PBXBuildFile; fileRef = 4F21F89A1F30FC85005E9CB5 /* LabelCell.xib */; };
		4F21F89E1F310360005E9CB5 /* DatePickerCell.xib in Resources */ = {isa = PBXBuildFile; fileRef = 4F21F89D1F310360005E9CB5 /* DatePickerCell.xib */; };
		4F21F8A01F31040E005E9CB5 /* DatePickerCell.swift in Sources */ = {isa = PBXBuildFile; fileRef = 4F21F89F1F31040E005E9CB5 /* DatePickerCell.swift */; };
		4F21F8A21F3105F9005E9CB5 /* DatePickerGenerator.swift in Sources */ = {isa = PBXBuildFile; fileRef = 4F21F8A11F3105F9005E9CB5 /* DatePickerGenerator.swift */; };
/* End PBXBuildFile section */

/* Begin PBXFileReference section */
		4F21F83D1F30380B005E9CB5 /* SampleEventHandling.app */ = {isa = PBXFileReference; explicitFileType = wrapper.application; includeInIndex = 0; path = SampleEventHandling.app; sourceTree = BUILT_PRODUCTS_DIR; };
		4F21F8471F30380B005E9CB5 /* Assets.xcassets */ = {isa = PBXFileReference; lastKnownFileType = folder.assetcatalog; path = Assets.xcassets; sourceTree = "<group>"; };
		4F21F84A1F30380B005E9CB5 /* Base */ = {isa = PBXFileReference; lastKnownFileType = file.storyboard; name = Base; path = Base.lproj/LaunchScreen.storyboard; sourceTree = "<group>"; };
		4F21F8591F303A31005E9CB5 /* AppDelegate.swift */ = {isa = PBXFileReference; fileEncoding = 4; lastKnownFileType = sourcecode.swift; path = AppDelegate.swift; sourceTree = "<group>"; };
		4F21F85A1F303A31005E9CB5 /* Info.plist */ = {isa = PBXFileReference; fileEncoding = 4; lastKnownFileType = text.plist.xml; path = Info.plist; sourceTree = "<group>"; };
		4F21F8631F303A4F005E9CB5 /* Extensions.swift */ = {isa = PBXFileReference; fileEncoding = 4; lastKnownFileType = sourcecode.swift; path = Extensions.swift; sourceTree = "<group>"; };
		4F21F86B1F303CA0005E9CB5 /* TableScreenConfigurator.swift */ = {isa = PBXFileReference; fileEncoding = 4; lastKnownFileType = sourcecode.swift; path = TableScreenConfigurator.swift; sourceTree = "<group>"; };
		4F21F86D1F303CA0005E9CB5 /* TableViewController.swift */ = {isa = PBXFileReference; fileEncoding = 4; lastKnownFileType = sourcecode.swift; path = TableViewController.swift; sourceTree = "<group>"; };
		4F21F86E1F303CA0005E9CB5 /* TableViewController.xib */ = {isa = PBXFileReference; fileEncoding = 4; lastKnownFileType = file.xib; path = TableViewController.xib; sourceTree = "<group>"; };
		4F21F8701F303CA0005E9CB5 /* TablePresenter.swift */ = {isa = PBXFileReference; fileEncoding = 4; lastKnownFileType = sourcecode.swift; path = TablePresenter.swift; sourceTree = "<group>"; };
		4F21F8751F303CD2005E9CB5 /* ViewInput.swift */ = {isa = PBXFileReference; fileEncoding = 4; lastKnownFileType = sourcecode.swift; path = ViewInput.swift; sourceTree = "<group>"; };
		4F21F87E1F303D87005E9CB5 /* User.swift */ = {isa = PBXFileReference; fileEncoding = 4; lastKnownFileType = sourcecode.swift; path = User.swift; sourceTree = "<group>"; };
		4F21F8851F3045B4005E9CB5 /* Event.swift */ = {isa = PBXFileReference; fileEncoding = 4; lastKnownFileType = sourcecode.swift; path = Event.swift; sourceTree = "<group>"; };
		4F21F8871F3045C3005E9CB5 /* BaseTableDataDisplayManager.swift */ = {isa = PBXFileReference; fileEncoding = 4; lastKnownFileType = sourcecode.swift; path = BaseTableDataDisplayManager.swift; sourceTree = "<group>"; };
		4F21F8891F30696C005E9CB5 /* Protocols.swift */ = {isa = PBXFileReference; fileEncoding = 4; lastKnownFileType = sourcecode.swift; path = Protocols.swift; sourceTree = "<group>"; };
		4F21F88B1F307025005E9CB5 /* PresenterOutput.swift */ = {isa = PBXFileReference; fileEncoding = 4; lastKnownFileType = sourcecode.swift; path = PresenterOutput.swift; sourceTree = "<group>"; };
		4F21F88F1F3072C5005E9CB5 /* TextWithLabelCell.xib */ = {isa = PBXFileReference; fileEncoding = 4; lastKnownFileType = file.xib; path = TextWithLabelCell.xib; sourceTree = "<group>"; };
		4F21F8911F3072D0005E9CB5 /* TextWithLabelCell.swift */ = {isa = PBXFileReference; fileEncoding = 4; lastKnownFileType = sourcecode.swift; path = TextWithLabelCell.swift; sourceTree = "<group>"; };
		4F21F8931F307408005E9CB5 /* TextWithLabelGenerator.swift */ = {isa = PBXFileReference; fileEncoding = 4; lastKnownFileType = sourcecode.swift; path = TextWithLabelGenerator.swift; sourceTree = "<group>"; };
		4F21F8961F30EFB5005E9CB5 /* LabelGenerator.swift */ = {isa = PBXFileReference; fileEncoding = 4; lastKnownFileType = sourcecode.swift; path = LabelGenerator.swift; sourceTree = "<group>"; };
		4F21F8981F30EFD5005E9CB5 /* LabelCell.swift */ = {isa = PBXFileReference; fileEncoding = 4; lastKnownFileType = sourcecode.swift; path = LabelCell.swift; sourceTree = "<group>"; };
		4F21F89A1F30FC85005E9CB5 /* LabelCell.xib */ = {isa = PBXFileReference; fileEncoding = 4; lastKnownFileType = file.xib; path = LabelCell.xib; sourceTree = "<group>"; };
		4F21F89D1F310360005E9CB5 /* DatePickerCell.xib */ = {isa = PBXFileReference; fileEncoding = 4; lastKnownFileType = file.xib; path = DatePickerCell.xib; sourceTree = "<group>"; };
		4F21F89F1F31040E005E9CB5 /* DatePickerCell.swift */ = {isa = PBXFileReference; fileEncoding = 4; lastKnownFileType = sourcecode.swift; path = DatePickerCell.swift; sourceTree = "<group>"; };
		4F21F8A11F3105F9005E9CB5 /* DatePickerGenerator.swift */ = {isa = PBXFileReference; fileEncoding = 4; lastKnownFileType = sourcecode.swift; path = DatePickerGenerator.swift; sourceTree = "<group>"; };
/* End PBXFileReference section */

/* Begin PBXFrameworksBuildPhase section */
		4F21F83A1F30380B005E9CB5 /* Frameworks */ = {
			isa = PBXFrameworksBuildPhase;
			buildActionMask = 2147483647;
			files = (
			);
			runOnlyForDeploymentPostprocessing = 0;
		};
/* End PBXFrameworksBuildPhase section */

/* Begin PBXGroup section */
		4F21F8341F30380B005E9CB5 = {
			isa = PBXGroup;
			children = (
				4F21F83F1F30380B005E9CB5 /* SampleEventHandling */,
				4F21F83E1F30380B005E9CB5 /* Products */,
			);
			sourceTree = "<group>";
		};
		4F21F83E1F30380B005E9CB5 /* Products */ = {
			isa = PBXGroup;
			children = (
				4F21F83D1F30380B005E9CB5 /* SampleEventHandling.app */,
			);
			name = Products;
			sourceTree = "<group>";
		};
		4F21F83F1F30380B005E9CB5 /* SampleEventHandling */ = {
			isa = PBXGroup;
			children = (
				4F21F8831F3045B4005E9CB5 /* BaseDDMModule */,
				4F21F87D1F303D73005E9CB5 /* Model */,
				4F21F8621F303A4F005E9CB5 /* Extensions */,
				4F21F85D1F303A4A005E9CB5 /* TableScreen */,
				4F21F8581F303A31005E9CB5 /* App */,
				4F21F8471F30380B005E9CB5 /* Assets.xcassets */,
				4F21F8491F30380B005E9CB5 /* LaunchScreen.storyboard */,
			);
			path = SampleEventHandling;
			sourceTree = "<group>";
		};
		4F21F8581F303A31005E9CB5 /* App */ = {
			isa = PBXGroup;
			children = (
				4F21F8591F303A31005E9CB5 /* AppDelegate.swift */,
				4F21F85A1F303A31005E9CB5 /* Info.plist */,
			);
			path = App;
			sourceTree = "<group>";
		};
		4F21F85D1F303A4A005E9CB5 /* TableScreen */ = {
			isa = PBXGroup;
			children = (
				4F21F88D1F307241005E9CB5 /* Generators */,
				4F21F86A1F303CA0005E9CB5 /* Configurator */,
				4F21F86C1F303CA0005E9CB5 /* View */,
				4F21F86F1F303CA0005E9CB5 /* Presenter */,
			);
			path = TableScreen;
			sourceTree = "<group>";
		};
		4F21F8621F303A4F005E9CB5 /* Extensions */ = {
			isa = PBXGroup;
			children = (
				4F21F8631F303A4F005E9CB5 /* Extensions.swift */,
			);
			path = Extensions;
			sourceTree = "<group>";
		};
		4F21F86A1F303CA0005E9CB5 /* Configurator */ = {
			isa = PBXGroup;
			children = (
				4F21F86B1F303CA0005E9CB5 /* TableScreenConfigurator.swift */,
			);
			path = Configurator;
			sourceTree = "<group>";
		};
		4F21F86C1F303CA0005E9CB5 /* View */ = {
			isa = PBXGroup;
			children = (
				4F21F86D1F303CA0005E9CB5 /* TableViewController.swift */,
				4F21F86E1F303CA0005E9CB5 /* TableViewController.xib */,
				4F21F8751F303CD2005E9CB5 /* ViewInput.swift */,
			);
			path = View;
			sourceTree = "<group>";
		};
		4F21F86F1F303CA0005E9CB5 /* Presenter */ = {
			isa = PBXGroup;
			children = (
				4F21F8701F303CA0005E9CB5 /* TablePresenter.swift */,
				4F21F88B1F307025005E9CB5 /* PresenterOutput.swift */,
			);
			path = Presenter;
			sourceTree = "<group>";
		};
		4F21F87D1F303D73005E9CB5 /* Model */ = {
			isa = PBXGroup;
			children = (
				4F21F87E1F303D87005E9CB5 /* User.swift */,
			);
			path = Model;
			sourceTree = "<group>";
		};
		4F21F8831F3045B4005E9CB5 /* BaseDDMModule */ = {
			isa = PBXGroup;
			children = (
				4F21F8841F3045B4005E9CB5 /* Event */,
				4F21F8871F3045C3005E9CB5 /* BaseTableDataDisplayManager.swift */,
				4F21F8891F30696C005E9CB5 /* Protocols.swift */,
			);
			path = BaseDDMModule;
			sourceTree = "<group>";
		};
		4F21F8841F3045B4005E9CB5 /* Event */ = {
			isa = PBXGroup;
			children = (
				4F21F8851F3045B4005E9CB5 /* Event.swift */,
			);
			path = Event;
			sourceTree = "<group>";
		};
		4F21F88D1F307241005E9CB5 /* Generators */ = {
			isa = PBXGroup;
			children = (
				4F21F89C1F31034C005E9CB5 /* DatePicker */,
				4F21F8951F30EF9F005E9CB5 /* Label */,
				4F21F88E1F3072B7005E9CB5 /* TextWithlabel */,
			);
			path = Generators;
			sourceTree = "<group>";
		};
		4F21F88E1F3072B7005E9CB5 /* TextWithlabel */ = {
			isa = PBXGroup;
			children = (
				4F21F88F1F3072C5005E9CB5 /* TextWithLabelCell.xib */,
				4F21F8911F3072D0005E9CB5 /* TextWithLabelCell.swift */,
				4F21F8931F307408005E9CB5 /* TextWithLabelGenerator.swift */,
			);
			path = TextWithlabel;
			sourceTree = "<group>";
		};
		4F21F8951F30EF9F005E9CB5 /* Label */ = {
			isa = PBXGroup;
			children = (
				4F21F8961F30EFB5005E9CB5 /* LabelGenerator.swift */,
				4F21F8981F30EFD5005E9CB5 /* LabelCell.swift */,
				4F21F89A1F30FC85005E9CB5 /* LabelCell.xib */,
			);
			path = Label;
			sourceTree = "<group>";
		};
		4F21F89C1F31034C005E9CB5 /* DatePicker */ = {
			isa = PBXGroup;
			children = (
				4F21F89D1F310360005E9CB5 /* DatePickerCell.xib */,
				4F21F89F1F31040E005E9CB5 /* DatePickerCell.swift */,
				4F21F8A11F3105F9005E9CB5 /* DatePickerGenerator.swift */,
			);
			path = DatePicker;
			sourceTree = "<group>";
		};
/* End PBXGroup section */

/* Begin PBXNativeTarget section */
		4F21F83C1F30380B005E9CB5 /* SampleEventHandling */ = {
			isa = PBXNativeTarget;
			buildConfigurationList = 4F21F84F1F30380B005E9CB5 /* Build configuration list for PBXNativeTarget "SampleEventHandling" */;
			buildPhases = (
				4F21F8391F30380B005E9CB5 /* Sources */,
				4F21F83A1F30380B005E9CB5 /* Frameworks */,
				4F21F83B1F30380B005E9CB5 /* Resources */,
			);
			buildRules = (
			);
			dependencies = (
			);
			name = SampleEventHandling;
			productName = SampleEventHandling;
			productReference = 4F21F83D1F30380B005E9CB5 /* SampleEventHandling.app */;
			productType = "com.apple.product-type.application";
		};
/* End PBXNativeTarget section */

/* Begin PBXProject section */
		4F21F8351F30380B005E9CB5 /* Project object */ = {
			isa = PBXProject;
			attributes = {
				LastSwiftUpdateCheck = 0830;
				LastUpgradeCheck = 0830;
				ORGANIZATIONNAME = "Alexander Kravchenkov";
				TargetAttributes = {
					4F21F83C1F30380B005E9CB5 = {
						CreatedOnToolsVersion = 8.3.3;
						DevelopmentTeam = DEESDC93HV;
						ProvisioningStyle = Automatic;
					};
				};
			};
			buildConfigurationList = 4F21F8381F30380B005E9CB5 /* Build configuration list for PBXProject "SampleEventHandling" */;
			compatibilityVersion = "Xcode 3.2";
			developmentRegion = English;
			hasScannedForEncodings = 0;
			knownRegions = (
				en,
				Base,
			);
			mainGroup = 4F21F8341F30380B005E9CB5;
			productRefGroup = 4F21F83E1F30380B005E9CB5 /* Products */;
			projectDirPath = "";
			projectRoot = "";
			targets = (
				4F21F83C1F30380B005E9CB5 /* SampleEventHandling */,
			);
		};
/* End PBXProject section */

/* Begin PBXResourcesBuildPhase section */
		4F21F83B1F30380B005E9CB5 /* Resources */ = {
			isa = PBXResourcesBuildPhase;
			buildActionMask = 2147483647;
			files = (
				4F21F84B1F30380B005E9CB5 /* LaunchScreen.storyboard in Resources */,
				4F21F8481F30380B005E9CB5 /* Assets.xcassets in Resources */,
				4F21F8731F303CA0005E9CB5 /* TableViewController.xib in Resources */,
				4F21F89E1F310360005E9CB5 /* DatePickerCell.xib in Resources */,
				4F21F89B1F30FC85005E9CB5 /* LabelCell.xib in Resources */,
				4F21F8901F3072C5005E9CB5 /* TextWithLabelCell.xib in Resources */,
			);
			runOnlyForDeploymentPostprocessing = 0;
		};
/* End PBXResourcesBuildPhase section */

/* Begin PBXSourcesBuildPhase section */
		4F21F8391F30380B005E9CB5 /* Sources */ = {
			isa = PBXSourcesBuildPhase;
			buildActionMask = 2147483647;
			files = (
				4F21F8971F30EFB5005E9CB5 /* LabelGenerator.swift in Sources */,
				4F21F8881F3045C3005E9CB5 /* BaseTableDataDisplayManager.swift in Sources */,
				4F21F8861F3045B4005E9CB5 /* Event.swift in Sources */,
				4F21F85B1F303A31005E9CB5 /* AppDelegate.swift in Sources */,
				4F21F8921F3072D0005E9CB5 /* TextWithLabelCell.swift in Sources */,
				4F21F8711F303CA0005E9CB5 /* TableScreenConfigurator.swift in Sources */,
				4F21F8741F303CA0005E9CB5 /* TablePresenter.swift in Sources */,
				4F21F88A1F30696C005E9CB5 /* Protocols.swift in Sources */,
				4F21F88C1F307025005E9CB5 /* PresenterOutput.swift in Sources */,
				4F21F8761F303CD2005E9CB5 /* ViewInput.swift in Sources */,
				4F21F8941F307408005E9CB5 /* TextWithLabelGenerator.swift in Sources */,
				4F21F8A01F31040E005E9CB5 /* DatePickerCell.swift in Sources */,
				4F21F8641F303A4F005E9CB5 /* Extensions.swift in Sources */,
				4F21F8A21F3105F9005E9CB5 /* DatePickerGenerator.swift in Sources */,
				4F21F87F1F303D87005E9CB5 /* User.swift in Sources */,
				4F21F8991F30EFD5005E9CB5 /* LabelCell.swift in Sources */,
				4F21F8721F303CA0005E9CB5 /* TableViewController.swift in Sources */,
			);
			runOnlyForDeploymentPostprocessing = 0;
		};
/* End PBXSourcesBuildPhase section */

/* Begin PBXVariantGroup section */
		4F21F8491F30380B005E9CB5 /* LaunchScreen.storyboard */ = {
			isa = PBXVariantGroup;
			children = (
				4F21F84A1F30380B005E9CB5 /* Base */,
			);
			name = LaunchScreen.storyboard;
			sourceTree = "<group>";
		};
/* End PBXVariantGroup section */

/* Begin XCBuildConfiguration section */
		4F21F84D1F30380B005E9CB5 /* Debug */ = {
			isa = XCBuildConfiguration;
			buildSettings = {
				ALWAYS_SEARCH_USER_PATHS = NO;
				CLANG_ANALYZER_NONNULL = YES;
				CLANG_ANALYZER_NUMBER_OBJECT_CONVERSION = YES_AGGRESSIVE;
				CLANG_CXX_LANGUAGE_STANDARD = "gnu++0x";
				CLANG_CXX_LIBRARY = "libc++";
				CLANG_ENABLE_MODULES = YES;
				CLANG_ENABLE_OBJC_ARC = YES;
				CLANG_WARN_BOOL_CONVERSION = YES;
				CLANG_WARN_CONSTANT_CONVERSION = YES;
				CLANG_WARN_DIRECT_OBJC_ISA_USAGE = YES_ERROR;
				CLANG_WARN_DOCUMENTATION_COMMENTS = YES;
				CLANG_WARN_EMPTY_BODY = YES;
				CLANG_WARN_ENUM_CONVERSION = YES;
				CLANG_WARN_INFINITE_RECURSION = YES;
				CLANG_WARN_INT_CONVERSION = YES;
				CLANG_WARN_OBJC_ROOT_CLASS = YES_ERROR;
				CLANG_WARN_SUSPICIOUS_MOVE = YES;
				CLANG_WARN_UNREACHABLE_CODE = YES;
				CLANG_WARN__DUPLICATE_METHOD_MATCH = YES;
				"CODE_SIGN_IDENTITY[sdk=iphoneos*]" = "iPhone Developer";
				COPY_PHASE_STRIP = NO;
				DEBUG_INFORMATION_FORMAT = dwarf;
				ENABLE_STRICT_OBJC_MSGSEND = YES;
				ENABLE_TESTABILITY = YES;
				GCC_C_LANGUAGE_STANDARD = gnu99;
				GCC_DYNAMIC_NO_PIC = NO;
				GCC_NO_COMMON_BLOCKS = YES;
				GCC_OPTIMIZATION_LEVEL = 0;
				GCC_PREPROCESSOR_DEFINITIONS = (
					"DEBUG=1",
					"$(inherited)",
				);
				GCC_WARN_64_TO_32_BIT_CONVERSION = YES;
				GCC_WARN_ABOUT_RETURN_TYPE = YES_ERROR;
				GCC_WARN_UNDECLARED_SELECTOR = YES;
				GCC_WARN_UNINITIALIZED_AUTOS = YES_AGGRESSIVE;
				GCC_WARN_UNUSED_FUNCTION = YES;
				GCC_WARN_UNUSED_VARIABLE = YES;
				IPHONEOS_DEPLOYMENT_TARGET = 10.3;
				MTL_ENABLE_DEBUG_INFO = YES;
				ONLY_ACTIVE_ARCH = YES;
				SDKROOT = iphoneos;
				SWIFT_ACTIVE_COMPILATION_CONDITIONS = DEBUG;
				SWIFT_OPTIMIZATION_LEVEL = "-Onone";
				TARGETED_DEVICE_FAMILY = "1,2";
			};
			name = Debug;
		};
		4F21F84E1F30380B005E9CB5 /* Release */ = {
			isa = XCBuildConfiguration;
			buildSettings = {
				ALWAYS_SEARCH_USER_PATHS = NO;
				CLANG_ANALYZER_NONNULL = YES;
				CLANG_ANALYZER_NUMBER_OBJECT_CONVERSION = YES_AGGRESSIVE;
				CLANG_CXX_LANGUAGE_STANDARD = "gnu++0x";
				CLANG_CXX_LIBRARY = "libc++";
				CLANG_ENABLE_MODULES = YES;
				CLANG_ENABLE_OBJC_ARC = YES;
				CLANG_WARN_BOOL_CONVERSION = YES;
				CLANG_WARN_CONSTANT_CONVERSION = YES;
				CLANG_WARN_DIRECT_OBJC_ISA_USAGE = YES_ERROR;
				CLANG_WARN_DOCUMENTATION_COMMENTS = YES;
				CLANG_WARN_EMPTY_BODY = YES;
				CLANG_WARN_ENUM_CONVERSION = YES;
				CLANG_WARN_INFINITE_RECURSION = YES;
				CLANG_WARN_INT_CONVERSION = YES;
				CLANG_WARN_OBJC_ROOT_CLASS = YES_ERROR;
				CLANG_WARN_SUSPICIOUS_MOVE = YES;
				CLANG_WARN_UNREACHABLE_CODE = YES;
				CLANG_WARN__DUPLICATE_METHOD_MATCH = YES;
				"CODE_SIGN_IDENTITY[sdk=iphoneos*]" = "iPhone Developer";
				COPY_PHASE_STRIP = NO;
				DEBUG_INFORMATION_FORMAT = "dwarf-with-dsym";
				ENABLE_NS_ASSERTIONS = NO;
				ENABLE_STRICT_OBJC_MSGSEND = YES;
				GCC_C_LANGUAGE_STANDARD = gnu99;
				GCC_NO_COMMON_BLOCKS = YES;
				GCC_WARN_64_TO_32_BIT_CONVERSION = YES;
				GCC_WARN_ABOUT_RETURN_TYPE = YES_ERROR;
				GCC_WARN_UNDECLARED_SELECTOR = YES;
				GCC_WARN_UNINITIALIZED_AUTOS = YES_AGGRESSIVE;
				GCC_WARN_UNUSED_FUNCTION = YES;
				GCC_WARN_UNUSED_VARIABLE = YES;
				IPHONEOS_DEPLOYMENT_TARGET = 10.3;
				MTL_ENABLE_DEBUG_INFO = NO;
				SDKROOT = iphoneos;
				SWIFT_OPTIMIZATION_LEVEL = "-Owholemodule";
				TARGETED_DEVICE_FAMILY = "1,2";
				VALIDATE_PRODUCT = YES;
			};
			name = Release;
		};
		4F21F8501F30380B005E9CB5 /* Debug */ = {
			isa = XCBuildConfiguration;
			buildSettings = {
				ASSETCATALOG_COMPILER_APPICON_NAME = AppIcon;
				DEVELOPMENT_TEAM = DEESDC93HV;
				INFOPLIST_FILE = "$(SRCROOT)/SampleEventHandling/App/Info.plist";
				LD_RUNPATH_SEARCH_PATHS = "$(inherited) @executable_path/Frameworks";
				PRODUCT_BUNDLE_IDENTIFIER = AK.SampleEventHandling;
				PRODUCT_NAME = "$(TARGET_NAME)";
				SWIFT_VERSION = 3.0;
			};
			name = Debug;
		};
		4F21F8511F30380B005E9CB5 /* Release */ = {
			isa = XCBuildConfiguration;
			buildSettings = {
				ASSETCATALOG_COMPILER_APPICON_NAME = AppIcon;
				DEVELOPMENT_TEAM = DEESDC93HV;
				INFOPLIST_FILE = "$(SRCROOT)/SampleEventHandling/App/Info.plist";
				LD_RUNPATH_SEARCH_PATHS = "$(inherited) @executable_path/Frameworks";
				PRODUCT_BUNDLE_IDENTIFIER = AK.SampleEventHandling;
				PRODUCT_NAME = "$(TARGET_NAME)";
				SWIFT_VERSION = 3.0;
			};
			name = Release;
		};
/* End XCBuildConfiguration section */

/* Begin XCConfigurationList section */
		4F21F8381F30380B005E9CB5 /* Build configuration list for PBXProject "SampleEventHandling" */ = {
			isa = XCConfigurationList;
			buildConfigurations = (
				4F21F84D1F30380B005E9CB5 /* Debug */,
				4F21F84E1F30380B005E9CB5 /* Release */,
			);
			defaultConfigurationIsVisible = 0;
			defaultConfigurationName = Release;
		};
		4F21F84F1F30380B005E9CB5 /* Build configuration list for PBXNativeTarget "SampleEventHandling" */ = {
			isa = XCConfigurationList;
			buildConfigurations = (
				4F21F8501F30380B005E9CB5 /* Debug */,
				4F21F8511F30380B005E9CB5 /* Release */,
			);
			defaultConfigurationIsVisible = 0;
			defaultConfigurationName = Release;
		};
/* End XCConfigurationList section */
	};
	rootObject = 4F21F8351F30380B005E9CB5 /* Project object */;
}
